// !$*UTF8*$!
{
	archiveVersion = 1;
	classes = {
	};
	objectVersion = 55;
	objects = {

/* Begin PBXBuildFile section */
		17240E9D27E5ECAF008FA0D7 /* Window.swift in Sources */ = {isa = PBXBuildFile; fileRef = 17240E9C27E5ECAF008FA0D7 /* Window.swift */; };
		17240E9F27E5ED42008FA0D7 /* Presenter.swift in Sources */ = {isa = PBXBuildFile; fileRef = 17240E9E27E5ED42008FA0D7 /* Presenter.swift */; };
		17240EA127E5EF4D008FA0D7 /* Router.swift in Sources */ = {isa = PBXBuildFile; fileRef = 17240EA027E5EF4D008FA0D7 /* Router.swift */; };
		17240EA427E5F71E008FA0D7 /* Builder.swift in Sources */ = {isa = PBXBuildFile; fileRef = 17240EA227E5F2F1008FA0D7 /* Builder.swift */; };
		17240EC027E6132B008FA0D7 /* Landing.h in Headers */ = {isa = PBXBuildFile; fileRef = 17240EBF27E6132B008FA0D7 /* Landing.h */; settings = {ATTRIBUTES = (Public, ); }; };
		17240EC327E6132B008FA0D7 /* Landing.framework in Frameworks */ = {isa = PBXBuildFile; fileRef = 17240EBD27E6132B008FA0D7 /* Landing.framework */; };
		17240EC427E6132B008FA0D7 /* Landing.framework in Embed Frameworks */ = {isa = PBXBuildFile; fileRef = 17240EBD27E6132B008FA0D7 /* Landing.framework */; settings = {ATTRIBUTES = (CodeSignOnCopy, RemoveHeadersOnCopy, ); }; };
		17240EC927E61363008FA0D7 /* Landing.storyboard in Resources */ = {isa = PBXBuildFile; fileRef = 17240EC827E61363008FA0D7 /* Landing.storyboard */; };
		17240ECB27E61433008FA0D7 /* LandingViewController.swift in Sources */ = {isa = PBXBuildFile; fileRef = 17240ECA27E61433008FA0D7 /* LandingViewController.swift */; };
		17240ECE27E61466008FA0D7 /* Builder.swift in Sources */ = {isa = PBXBuildFile; fileRef = 17240ECC27E61462008FA0D7 /* Builder.swift */; };
		17240ED727E6499B008FA0D7 /* Utility.h in Headers */ = {isa = PBXBuildFile; fileRef = 17240ED627E6499B008FA0D7 /* Utility.h */; settings = {ATTRIBUTES = (Public, ); }; };
		17240EDA27E6499B008FA0D7 /* Utility.framework in Frameworks */ = {isa = PBXBuildFile; fileRef = 17240ED427E6499B008FA0D7 /* Utility.framework */; };
		17240EDB27E6499B008FA0D7 /* Utility.framework in Embed Frameworks */ = {isa = PBXBuildFile; fileRef = 17240ED427E6499B008FA0D7 /* Utility.framework */; settings = {ATTRIBUTES = (CodeSignOnCopy, RemoveHeadersOnCopy, ); }; };
		17240EE227E64AEB008FA0D7 /* UIViewController+Extensions.swift in Sources */ = {isa = PBXBuildFile; fileRef = 17240EE027E64AEB008FA0D7 /* UIViewController+Extensions.swift */; };
		17240EE527E656E6008FA0D7 /* UIViewController+Extensions.swift in Sources */ = {isa = PBXBuildFile; fileRef = 17240EE027E64AEB008FA0D7 /* UIViewController+Extensions.swift */; };
		17240EE727E658A7008FA0D7 /* Landing.xcassets in Resources */ = {isa = PBXBuildFile; fileRef = 17240EE627E658A7008FA0D7 /* Landing.xcassets */; };
		17240EFF27E74F24008FA0D7 /* ChatRoomLogin.h in Headers */ = {isa = PBXBuildFile; fileRef = 17240EFE27E74F24008FA0D7 /* ChatRoomLogin.h */; settings = {ATTRIBUTES = (Public, ); }; };
		17240F0227E74F24008FA0D7 /* ChatRoomLogin.framework in Frameworks */ = {isa = PBXBuildFile; fileRef = 17240EFC27E74F24008FA0D7 /* ChatRoomLogin.framework */; };
		17240F0327E74F24008FA0D7 /* ChatRoomLogin.framework in Embed Frameworks */ = {isa = PBXBuildFile; fileRef = 17240EFC27E74F24008FA0D7 /* ChatRoomLogin.framework */; settings = {ATTRIBUTES = (CodeSignOnCopy, RemoveHeadersOnCopy, ); }; };
		17240F0827E74F70008FA0D7 /* ChatRoomLogin.storyboard in Resources */ = {isa = PBXBuildFile; fileRef = 17240F0727E74F70008FA0D7 /* ChatRoomLogin.storyboard */; };
		17240F0927E74F70008FA0D7 /* ChatRoomLogin.storyboard in Resources */ = {isa = PBXBuildFile; fileRef = 17240F0727E74F70008FA0D7 /* ChatRoomLogin.storyboard */; };
		17240F0B27E750F4008FA0D7 /* ChatRoomLoginViewController.swift in Sources */ = {isa = PBXBuildFile; fileRef = 17240F0A27E750F4008FA0D7 /* ChatRoomLoginViewController.swift */; };
		17240F0D27E75128008FA0D7 /* Builder.swift in Sources */ = {isa = PBXBuildFile; fileRef = 17240F0C27E75128008FA0D7 /* Builder.swift */; };
		17240F1127E752F8008FA0D7 /* ChatRoomLogin.xcassets in Resources */ = {isa = PBXBuildFile; fileRef = 17240F1027E752F8008FA0D7 /* ChatRoomLogin.xcassets */; };
		173EEAB727D53665003BB7AC /* AppDelegate.swift in Sources */ = {isa = PBXBuildFile; fileRef = 173EEAB627D53665003BB7AC /* AppDelegate.swift */; };
		173EEAB927D53665003BB7AC /* SceneDelegate.swift in Sources */ = {isa = PBXBuildFile; fileRef = 173EEAB827D53665003BB7AC /* SceneDelegate.swift */; };
		173EEABB27D53665003BB7AC /* ViewController.swift in Sources */ = {isa = PBXBuildFile; fileRef = 173EEABA27D53665003BB7AC /* ViewController.swift */; };
		173EEABE27D53665003BB7AC /* Main.storyboard in Resources */ = {isa = PBXBuildFile; fileRef = 173EEABC27D53665003BB7AC /* Main.storyboard */; };
		173EEAC027D53666003BB7AC /* Assets.xcassets in Resources */ = {isa = PBXBuildFile; fileRef = 173EEABF27D53666003BB7AC /* Assets.xcassets */; };
		173EEAC327D53666003BB7AC /* LaunchScreen.storyboard in Resources */ = {isa = PBXBuildFile; fileRef = 173EEAC127D53666003BB7AC /* LaunchScreen.storyboard */; };
		173EEACE27D53666003BB7AC /* WhatsAppCloneTests.swift in Sources */ = {isa = PBXBuildFile; fileRef = 173EEACD27D53666003BB7AC /* WhatsAppCloneTests.swift */; };
		173EEAD827D53666003BB7AC /* WhatsAppCloneUITests.swift in Sources */ = {isa = PBXBuildFile; fileRef = 173EEAD727D53666003BB7AC /* WhatsAppCloneUITests.swift */; };
		173EEADA27D53666003BB7AC /* WhatsAppCloneUITestsLaunchTests.swift in Sources */ = {isa = PBXBuildFile; fileRef = 173EEAD927D53666003BB7AC /* WhatsAppCloneUITestsLaunchTests.swift */; };
		173EEAF027D5374F003BB7AC /* Window.docc in Sources */ = {isa = PBXBuildFile; fileRef = 173EEAEF27D5374F003BB7AC /* Window.docc */; };
		173EEAF627D5374F003BB7AC /* Window.framework in Frameworks */ = {isa = PBXBuildFile; fileRef = 173EEAEC27D5374F003BB7AC /* Window.framework */; };
		173EEAFD27D5374F003BB7AC /* WindowTests.swift in Sources */ = {isa = PBXBuildFile; fileRef = 173EEAFC27D5374F003BB7AC /* WindowTests.swift */; };
		173EEAFE27D5374F003BB7AC /* Window.h in Headers */ = {isa = PBXBuildFile; fileRef = 173EEAEE27D5374F003BB7AC /* Window.h */; settings = {ATTRIBUTES = (Public, ); }; };
		173EEB0127D5374F003BB7AC /* Window.framework in Frameworks */ = {isa = PBXBuildFile; fileRef = 173EEAEC27D5374F003BB7AC /* Window.framework */; };
		173EEB0227D5374F003BB7AC /* Window.framework in Embed Frameworks */ = {isa = PBXBuildFile; fileRef = 173EEAEC27D5374F003BB7AC /* Window.framework */; settings = {ATTRIBUTES = (CodeSignOnCopy, RemoveHeadersOnCopy, ); }; };
/* End PBXBuildFile section */

/* Begin PBXContainerItemProxy section */
		17240EC127E6132B008FA0D7 /* PBXContainerItemProxy */ = {
			isa = PBXContainerItemProxy;
			containerPortal = 173EEAAB27D53665003BB7AC /* Project object */;
			proxyType = 1;
			remoteGlobalIDString = 17240EBC27E6132B008FA0D7;
			remoteInfo = Landing;
		};
		17240ED827E6499B008FA0D7 /* PBXContainerItemProxy */ = {
			isa = PBXContainerItemProxy;
			containerPortal = 173EEAAB27D53665003BB7AC /* Project object */;
			proxyType = 1;
			remoteGlobalIDString = 17240ED327E6499B008FA0D7;
			remoteInfo = Utility;
		};
		17240EF327E730E8008FA0D7 /* PBXContainerItemProxy */ = {
			isa = PBXContainerItemProxy;
			containerPortal = 173EEAAB27D53665003BB7AC /* Project object */;
			proxyType = 1;
			remoteGlobalIDString = 17240EBC27E6132B008FA0D7;
			remoteInfo = Landing;
		};
		17240F0027E74F24008FA0D7 /* PBXContainerItemProxy */ = {
			isa = PBXContainerItemProxy;
			containerPortal = 173EEAAB27D53665003BB7AC /* Project object */;
			proxyType = 1;
			remoteGlobalIDString = 17240EFB27E74F24008FA0D7;
			remoteInfo = ChatRoomLogin;
		};
		17240F0E27E75260008FA0D7 /* PBXContainerItemProxy */ = {
			isa = PBXContainerItemProxy;
			containerPortal = 173EEAAB27D53665003BB7AC /* Project object */;
			proxyType = 1;
			remoteGlobalIDString = 17240ED327E6499B008FA0D7;
			remoteInfo = Utility;
		};
		173EEACA27D53666003BB7AC /* PBXContainerItemProxy */ = {
			isa = PBXContainerItemProxy;
			containerPortal = 173EEAAB27D53665003BB7AC /* Project object */;
			proxyType = 1;
			remoteGlobalIDString = 173EEAB227D53665003BB7AC;
			remoteInfo = WhatsAppClone;
		};
		173EEAD427D53666003BB7AC /* PBXContainerItemProxy */ = {
			isa = PBXContainerItemProxy;
			containerPortal = 173EEAAB27D53665003BB7AC /* Project object */;
			proxyType = 1;
			remoteGlobalIDString = 173EEAB227D53665003BB7AC;
			remoteInfo = WhatsAppClone;
		};
		173EEAF727D5374F003BB7AC /* PBXContainerItemProxy */ = {
			isa = PBXContainerItemProxy;
			containerPortal = 173EEAAB27D53665003BB7AC /* Project object */;
			proxyType = 1;
			remoteGlobalIDString = 173EEAEB27D5374F003BB7AC;
			remoteInfo = Window;
		};
		173EEAF927D5374F003BB7AC /* PBXContainerItemProxy */ = {
			isa = PBXContainerItemProxy;
			containerPortal = 173EEAAB27D53665003BB7AC /* Project object */;
			proxyType = 1;
			remoteGlobalIDString = 173EEAB227D53665003BB7AC;
			remoteInfo = WhatsAppClone;
		};
		173EEAFF27D5374F003BB7AC /* PBXContainerItemProxy */ = {
			isa = PBXContainerItemProxy;
			containerPortal = 173EEAAB27D53665003BB7AC /* Project object */;
			proxyType = 1;
			remoteGlobalIDString = 173EEAEB27D5374F003BB7AC;
			remoteInfo = Window;
		};
		174C0FD627E7803400B50DF4 /* PBXContainerItemProxy */ = {
			isa = PBXContainerItemProxy;
			containerPortal = 173EEAAB27D53665003BB7AC /* Project object */;
			proxyType = 1;
			remoteGlobalIDString = 17240EFB27E74F24008FA0D7;
			remoteInfo = ChatRoomLogin;
		};
/* End PBXContainerItemProxy section */

/* Begin PBXCopyFilesBuildPhase section */
		173EEB0627D5374F003BB7AC /* Embed Frameworks */ = {
			isa = PBXCopyFilesBuildPhase;
			buildActionMask = 2147483647;
			dstPath = "";
			dstSubfolderSpec = 10;
			files = (
				17240EDB27E6499B008FA0D7 /* Utility.framework in Embed Frameworks */,
				17240F0327E74F24008FA0D7 /* ChatRoomLogin.framework in Embed Frameworks */,
				17240EC427E6132B008FA0D7 /* Landing.framework in Embed Frameworks */,
				173EEB0227D5374F003BB7AC /* Window.framework in Embed Frameworks */,
			);
			name = "Embed Frameworks";
			runOnlyForDeploymentPostprocessing = 0;
		};
/* End PBXCopyFilesBuildPhase section */

/* Begin PBXFileReference section */
		17240E9C27E5ECAF008FA0D7 /* Window.swift */ = {isa = PBXFileReference; lastKnownFileType = sourcecode.swift; path = Window.swift; sourceTree = "<group>"; };
		17240E9E27E5ED42008FA0D7 /* Presenter.swift */ = {isa = PBXFileReference; lastKnownFileType = sourcecode.swift; path = Presenter.swift; sourceTree = "<group>"; };
		17240EA027E5EF4D008FA0D7 /* Router.swift */ = {isa = PBXFileReference; lastKnownFileType = sourcecode.swift; path = Router.swift; sourceTree = "<group>"; };
		17240EA227E5F2F1008FA0D7 /* Builder.swift */ = {isa = PBXFileReference; lastKnownFileType = sourcecode.swift; path = Builder.swift; sourceTree = "<group>"; };
		17240EBD27E6132B008FA0D7 /* Landing.framework */ = {isa = PBXFileReference; explicitFileType = wrapper.framework; includeInIndex = 0; path = Landing.framework; sourceTree = BUILT_PRODUCTS_DIR; };
		17240EBF27E6132B008FA0D7 /* Landing.h */ = {isa = PBXFileReference; lastKnownFileType = sourcecode.c.h; path = Landing.h; sourceTree = "<group>"; };
		17240EC827E61363008FA0D7 /* Landing.storyboard */ = {isa = PBXFileReference; lastKnownFileType = file.storyboard; path = Landing.storyboard; sourceTree = "<group>"; };
		17240ECA27E61433008FA0D7 /* LandingViewController.swift */ = {isa = PBXFileReference; lastKnownFileType = sourcecode.swift; path = LandingViewController.swift; sourceTree = "<group>"; };
		17240ECC27E61462008FA0D7 /* Builder.swift */ = {isa = PBXFileReference; lastKnownFileType = sourcecode.swift; path = Builder.swift; sourceTree = "<group>"; };
		17240ED427E6499B008FA0D7 /* Utility.framework */ = {isa = PBXFileReference; explicitFileType = wrapper.framework; includeInIndex = 0; path = Utility.framework; sourceTree = BUILT_PRODUCTS_DIR; };
		17240ED627E6499B008FA0D7 /* Utility.h */ = {isa = PBXFileReference; lastKnownFileType = sourcecode.c.h; path = Utility.h; sourceTree = "<group>"; };
		17240EE027E64AEB008FA0D7 /* UIViewController+Extensions.swift */ = {isa = PBXFileReference; lastKnownFileType = sourcecode.swift; path = "UIViewController+Extensions.swift"; sourceTree = "<group>"; };
		17240EE627E658A7008FA0D7 /* Landing.xcassets */ = {isa = PBXFileReference; lastKnownFileType = folder.assetcatalog; path = Landing.xcassets; sourceTree = "<group>"; };
		17240EFC27E74F24008FA0D7 /* ChatRoomLogin.framework */ = {isa = PBXFileReference; explicitFileType = wrapper.framework; includeInIndex = 0; path = ChatRoomLogin.framework; sourceTree = BUILT_PRODUCTS_DIR; };
		17240EFE27E74F24008FA0D7 /* ChatRoomLogin.h */ = {isa = PBXFileReference; lastKnownFileType = sourcecode.c.h; path = ChatRoomLogin.h; sourceTree = "<group>"; };
		17240F0727E74F70008FA0D7 /* ChatRoomLogin.storyboard */ = {isa = PBXFileReference; lastKnownFileType = file.storyboard; path = ChatRoomLogin.storyboard; sourceTree = "<group>"; };
		17240F0A27E750F4008FA0D7 /* ChatRoomLoginViewController.swift */ = {isa = PBXFileReference; lastKnownFileType = sourcecode.swift; path = ChatRoomLoginViewController.swift; sourceTree = "<group>"; };
		17240F0C27E75128008FA0D7 /* Builder.swift */ = {isa = PBXFileReference; lastKnownFileType = sourcecode.swift; path = Builder.swift; sourceTree = "<group>"; };
		17240F1027E752F8008FA0D7 /* ChatRoomLogin.xcassets */ = {isa = PBXFileReference; lastKnownFileType = folder.assetcatalog; path = ChatRoomLogin.xcassets; sourceTree = "<group>"; };
		173EEAB327D53665003BB7AC /* WhatsAppClone.app */ = {isa = PBXFileReference; explicitFileType = wrapper.application; includeInIndex = 0; path = WhatsAppClone.app; sourceTree = BUILT_PRODUCTS_DIR; };
		173EEAB627D53665003BB7AC /* AppDelegate.swift */ = {isa = PBXFileReference; lastKnownFileType = sourcecode.swift; path = AppDelegate.swift; sourceTree = "<group>"; };
		173EEAB827D53665003BB7AC /* SceneDelegate.swift */ = {isa = PBXFileReference; lastKnownFileType = sourcecode.swift; path = SceneDelegate.swift; sourceTree = "<group>"; };
		173EEABA27D53665003BB7AC /* ViewController.swift */ = {isa = PBXFileReference; lastKnownFileType = sourcecode.swift; path = ViewController.swift; sourceTree = "<group>"; };
		173EEABD27D53665003BB7AC /* Base */ = {isa = PBXFileReference; lastKnownFileType = file.storyboard; name = Base; path = Base.lproj/Main.storyboard; sourceTree = "<group>"; };
		173EEABF27D53666003BB7AC /* Assets.xcassets */ = {isa = PBXFileReference; lastKnownFileType = folder.assetcatalog; path = Assets.xcassets; sourceTree = "<group>"; };
		173EEAC227D53666003BB7AC /* Base */ = {isa = PBXFileReference; lastKnownFileType = file.storyboard; name = Base; path = Base.lproj/LaunchScreen.storyboard; sourceTree = "<group>"; };
		173EEAC427D53666003BB7AC /* Info.plist */ = {isa = PBXFileReference; lastKnownFileType = text.plist.xml; path = Info.plist; sourceTree = "<group>"; };
		173EEAC927D53666003BB7AC /* WhatsAppCloneTests.xctest */ = {isa = PBXFileReference; explicitFileType = wrapper.cfbundle; includeInIndex = 0; path = WhatsAppCloneTests.xctest; sourceTree = BUILT_PRODUCTS_DIR; };
		173EEACD27D53666003BB7AC /* WhatsAppCloneTests.swift */ = {isa = PBXFileReference; lastKnownFileType = sourcecode.swift; path = WhatsAppCloneTests.swift; sourceTree = "<group>"; };
		173EEAD327D53666003BB7AC /* WhatsAppCloneUITests.xctest */ = {isa = PBXFileReference; explicitFileType = wrapper.cfbundle; includeInIndex = 0; path = WhatsAppCloneUITests.xctest; sourceTree = BUILT_PRODUCTS_DIR; };
		173EEAD727D53666003BB7AC /* WhatsAppCloneUITests.swift */ = {isa = PBXFileReference; lastKnownFileType = sourcecode.swift; path = WhatsAppCloneUITests.swift; sourceTree = "<group>"; };
		173EEAD927D53666003BB7AC /* WhatsAppCloneUITestsLaunchTests.swift */ = {isa = PBXFileReference; lastKnownFileType = sourcecode.swift; path = WhatsAppCloneUITestsLaunchTests.swift; sourceTree = "<group>"; };
		173EEAEC27D5374F003BB7AC /* Window.framework */ = {isa = PBXFileReference; explicitFileType = wrapper.framework; includeInIndex = 0; path = Window.framework; sourceTree = BUILT_PRODUCTS_DIR; };
		173EEAEE27D5374F003BB7AC /* Window.h */ = {isa = PBXFileReference; lastKnownFileType = sourcecode.c.h; path = Window.h; sourceTree = "<group>"; };
		173EEAEF27D5374F003BB7AC /* Window.docc */ = {isa = PBXFileReference; lastKnownFileType = folder.documentationcatalog; path = Window.docc; sourceTree = "<group>"; };
		173EEAF527D5374F003BB7AC /* WindowTests.xctest */ = {isa = PBXFileReference; explicitFileType = wrapper.cfbundle; includeInIndex = 0; path = WindowTests.xctest; sourceTree = BUILT_PRODUCTS_DIR; };
		173EEAFC27D5374F003BB7AC /* WindowTests.swift */ = {isa = PBXFileReference; lastKnownFileType = sourcecode.swift; path = WindowTests.swift; sourceTree = "<group>"; };
/* End PBXFileReference section */

/* Begin PBXFrameworksBuildPhase section */
		17240EBA27E6132B008FA0D7 /* Frameworks */ = {
			isa = PBXFrameworksBuildPhase;
			buildActionMask = 2147483647;
			files = (
			);
			runOnlyForDeploymentPostprocessing = 0;
		};
		17240ED127E6499B008FA0D7 /* Frameworks */ = {
			isa = PBXFrameworksBuildPhase;
			buildActionMask = 2147483647;
			files = (
			);
			runOnlyForDeploymentPostprocessing = 0;
		};
		17240EF927E74F24008FA0D7 /* Frameworks */ = {
			isa = PBXFrameworksBuildPhase;
			buildActionMask = 2147483647;
			files = (
			);
			runOnlyForDeploymentPostprocessing = 0;
		};
		173EEAB027D53665003BB7AC /* Frameworks */ = {
			isa = PBXFrameworksBuildPhase;
			buildActionMask = 2147483647;
			files = (
				17240EDA27E6499B008FA0D7 /* Utility.framework in Frameworks */,
				17240F0227E74F24008FA0D7 /* ChatRoomLogin.framework in Frameworks */,
				17240EC327E6132B008FA0D7 /* Landing.framework in Frameworks */,
				173EEB0127D5374F003BB7AC /* Window.framework in Frameworks */,
			);
			runOnlyForDeploymentPostprocessing = 0;
		};
		173EEAC627D53666003BB7AC /* Frameworks */ = {
			isa = PBXFrameworksBuildPhase;
			buildActionMask = 2147483647;
			files = (
			);
			runOnlyForDeploymentPostprocessing = 0;
		};
		173EEAD027D53666003BB7AC /* Frameworks */ = {
			isa = PBXFrameworksBuildPhase;
			buildActionMask = 2147483647;
			files = (
			);
			runOnlyForDeploymentPostprocessing = 0;
		};
		173EEAE927D5374F003BB7AC /* Frameworks */ = {
			isa = PBXFrameworksBuildPhase;
			buildActionMask = 2147483647;
			files = (
			);
			runOnlyForDeploymentPostprocessing = 0;
		};
		173EEAF227D5374F003BB7AC /* Frameworks */ = {
			isa = PBXFrameworksBuildPhase;
			buildActionMask = 2147483647;
			files = (
				173EEAF627D5374F003BB7AC /* Window.framework in Frameworks */,
			);
			runOnlyForDeploymentPostprocessing = 0;
		};
/* End PBXFrameworksBuildPhase section */

/* Begin PBXGroup section */
		17240EBE27E6132B008FA0D7 /* Landing */ = {
			isa = PBXGroup;
			children = (
				17240EBF27E6132B008FA0D7 /* Landing.h */,
				17240EC827E61363008FA0D7 /* Landing.storyboard */,
				17240ECA27E61433008FA0D7 /* LandingViewController.swift */,
				17240ECC27E61462008FA0D7 /* Builder.swift */,
				17240EE627E658A7008FA0D7 /* Landing.xcassets */,
			);
			path = Landing;
			sourceTree = "<group>";
		};
		17240ED527E6499B008FA0D7 /* Utility */ = {
			isa = PBXGroup;
			children = (
				17240ED627E6499B008FA0D7 /* Utility.h */,
				17240EE027E64AEB008FA0D7 /* UIViewController+Extensions.swift */,
			);
			path = Utility;
			sourceTree = "<group>";
		};
		17240EDF27E64A91008FA0D7 /* Shared */ = {
			isa = PBXGroup;
			children = (
				17240ED527E6499B008FA0D7 /* Utility */,
			);
			path = Shared;
			sourceTree = "<group>";
		};
		17240EFD27E74F24008FA0D7 /* ChatRoomLogin */ = {
			isa = PBXGroup;
			children = (
				17240EFE27E74F24008FA0D7 /* ChatRoomLogin.h */,
				17240F0727E74F70008FA0D7 /* ChatRoomLogin.storyboard */,
				17240F0A27E750F4008FA0D7 /* ChatRoomLoginViewController.swift */,
				17240F0C27E75128008FA0D7 /* Builder.swift */,
				17240F1027E752F8008FA0D7 /* ChatRoomLogin.xcassets */,
			);
			path = ChatRoomLogin;
			sourceTree = "<group>";
		};
		173EEAAA27D53665003BB7AC = {
			isa = PBXGroup;
			children = (
				173EEAB527D53665003BB7AC /* WhatsAppClone */,
				173EEACC27D53666003BB7AC /* WhatsAppCloneTests */,
				173EEAD627D53666003BB7AC /* WhatsAppCloneUITests */,
				173EEAFB27D5374F003BB7AC /* WindowTests */,
				173EEAB427D53665003BB7AC /* Products */,
			);
			sourceTree = "<group>";
		};
		173EEAB427D53665003BB7AC /* Products */ = {
			isa = PBXGroup;
			children = (
				173EEAB327D53665003BB7AC /* WhatsAppClone.app */,
				173EEAC927D53666003BB7AC /* WhatsAppCloneTests.xctest */,
				173EEAD327D53666003BB7AC /* WhatsAppCloneUITests.xctest */,
				173EEAEC27D5374F003BB7AC /* Window.framework */,
				173EEAF527D5374F003BB7AC /* WindowTests.xctest */,
				17240EBD27E6132B008FA0D7 /* Landing.framework */,
				17240ED427E6499B008FA0D7 /* Utility.framework */,
				17240EFC27E74F24008FA0D7 /* ChatRoomLogin.framework */,
			);
			name = Products;
			sourceTree = "<group>";
		};
		173EEAB527D53665003BB7AC /* WhatsAppClone */ = {
			isa = PBXGroup;
			children = (
				173EEAE627D53687003BB7AC /* Modules */,
				173EEAB627D53665003BB7AC /* AppDelegate.swift */,
				173EEAB827D53665003BB7AC /* SceneDelegate.swift */,
				173EEABA27D53665003BB7AC /* ViewController.swift */,
				173EEABC27D53665003BB7AC /* Main.storyboard */,
				173EEABF27D53666003BB7AC /* Assets.xcassets */,
				173EEAC127D53666003BB7AC /* LaunchScreen.storyboard */,
				173EEAC427D53666003BB7AC /* Info.plist */,
			);
			path = WhatsAppClone;
			sourceTree = "<group>";
		};
		173EEACC27D53666003BB7AC /* WhatsAppCloneTests */ = {
			isa = PBXGroup;
			children = (
				173EEACD27D53666003BB7AC /* WhatsAppCloneTests.swift */,
			);
			path = WhatsAppCloneTests;
			sourceTree = "<group>";
		};
		173EEAD627D53666003BB7AC /* WhatsAppCloneUITests */ = {
			isa = PBXGroup;
			children = (
				173EEAD727D53666003BB7AC /* WhatsAppCloneUITests.swift */,
				173EEAD927D53666003BB7AC /* WhatsAppCloneUITestsLaunchTests.swift */,
			);
			path = WhatsAppCloneUITests;
			sourceTree = "<group>";
		};
		173EEAE627D53687003BB7AC /* Modules */ = {
			isa = PBXGroup;
			children = (
				17240EDF27E64A91008FA0D7 /* Shared */,
				173EEAED27D5374F003BB7AC /* Window */,
				17240EBE27E6132B008FA0D7 /* Landing */,
				17240EFD27E74F24008FA0D7 /* ChatRoomLogin */,
			);
			path = Modules;
			sourceTree = "<group>";
		};
		173EEAED27D5374F003BB7AC /* Window */ = {
			isa = PBXGroup;
			children = (
				173EEAEE27D5374F003BB7AC /* Window.h */,
				173EEAEF27D5374F003BB7AC /* Window.docc */,
				17240E9C27E5ECAF008FA0D7 /* Window.swift */,
				17240E9E27E5ED42008FA0D7 /* Presenter.swift */,
				17240EA027E5EF4D008FA0D7 /* Router.swift */,
				17240EA227E5F2F1008FA0D7 /* Builder.swift */,
			);
			path = Window;
			sourceTree = "<group>";
		};
		173EEAFB27D5374F003BB7AC /* WindowTests */ = {
			isa = PBXGroup;
			children = (
				173EEAFC27D5374F003BB7AC /* WindowTests.swift */,
			);
			path = WindowTests;
			sourceTree = "<group>";
		};
/* End PBXGroup section */

/* Begin PBXHeadersBuildPhase section */
		17240EB827E6132B008FA0D7 /* Headers */ = {
			isa = PBXHeadersBuildPhase;
			buildActionMask = 2147483647;
			files = (
				17240EC027E6132B008FA0D7 /* Landing.h in Headers */,
			);
			runOnlyForDeploymentPostprocessing = 0;
		};
		17240ECF27E6499B008FA0D7 /* Headers */ = {
			isa = PBXHeadersBuildPhase;
			buildActionMask = 2147483647;
			files = (
				17240ED727E6499B008FA0D7 /* Utility.h in Headers */,
			);
			runOnlyForDeploymentPostprocessing = 0;
		};
		17240EF727E74F24008FA0D7 /* Headers */ = {
			isa = PBXHeadersBuildPhase;
			buildActionMask = 2147483647;
			files = (
				17240EFF27E74F24008FA0D7 /* ChatRoomLogin.h in Headers */,
			);
			runOnlyForDeploymentPostprocessing = 0;
		};
		173EEAE727D5374F003BB7AC /* Headers */ = {
			isa = PBXHeadersBuildPhase;
			buildActionMask = 2147483647;
			files = (
				173EEAFE27D5374F003BB7AC /* Window.h in Headers */,
			);
			runOnlyForDeploymentPostprocessing = 0;
		};
/* End PBXHeadersBuildPhase section */

/* Begin PBXNativeTarget section */
		17240EBC27E6132B008FA0D7 /* Landing */ = {
			isa = PBXNativeTarget;
			buildConfigurationList = 17240EC527E6132B008FA0D7 /* Build configuration list for PBXNativeTarget "Landing" */;
			buildPhases = (
				17240EB827E6132B008FA0D7 /* Headers */,
				17240EB927E6132B008FA0D7 /* Sources */,
				17240EBA27E6132B008FA0D7 /* Frameworks */,
				17240EBB27E6132B008FA0D7 /* Resources */,
			);
			buildRules = (
			);
			dependencies = (
			);
			name = Landing;
			productName = Landing;
			productReference = 17240EBD27E6132B008FA0D7 /* Landing.framework */;
			productType = "com.apple.product-type.framework";
		};
		17240ED327E6499B008FA0D7 /* Utility */ = {
			isa = PBXNativeTarget;
			buildConfigurationList = 17240EDC27E6499B008FA0D7 /* Build configuration list for PBXNativeTarget "Utility" */;
			buildPhases = (
				17240ECF27E6499B008FA0D7 /* Headers */,
				17240ED027E6499B008FA0D7 /* Sources */,
				17240ED127E6499B008FA0D7 /* Frameworks */,
				17240ED227E6499B008FA0D7 /* Resources */,
			);
			buildRules = (
			);
			dependencies = (
			);
			name = Utility;
			productName = Utility;
			productReference = 17240ED427E6499B008FA0D7 /* Utility.framework */;
			productType = "com.apple.product-type.framework";
		};
		17240EFB27E74F24008FA0D7 /* ChatRoomLogin */ = {
			isa = PBXNativeTarget;
			buildConfigurationList = 17240F0427E74F24008FA0D7 /* Build configuration list for PBXNativeTarget "ChatRoomLogin" */;
			buildPhases = (
				17240EF727E74F24008FA0D7 /* Headers */,
				17240EF827E74F24008FA0D7 /* Sources */,
				17240EF927E74F24008FA0D7 /* Frameworks */,
				17240EFA27E74F24008FA0D7 /* Resources */,
			);
			buildRules = (
			);
			dependencies = (
				17240F0F27E75260008FA0D7 /* PBXTargetDependency */,
			);
			name = ChatRoomLogin;
			productName = ChatRoomLogin;
			productReference = 17240EFC27E74F24008FA0D7 /* ChatRoomLogin.framework */;
			productType = "com.apple.product-type.framework";
		};
		173EEAB227D53665003BB7AC /* WhatsAppClone */ = {
			isa = PBXNativeTarget;
			buildConfigurationList = 173EEADD27D53666003BB7AC /* Build configuration list for PBXNativeTarget "WhatsAppClone" */;
			buildPhases = (
				173EEAAF27D53665003BB7AC /* Sources */,
				173EEAB027D53665003BB7AC /* Frameworks */,
				173EEAB127D53665003BB7AC /* Resources */,
				173EEB0627D5374F003BB7AC /* Embed Frameworks */,
			);
			buildRules = (
			);
			dependencies = (
				173EEB0027D5374F003BB7AC /* PBXTargetDependency */,
				17240EC227E6132B008FA0D7 /* PBXTargetDependency */,
				17240ED927E6499B008FA0D7 /* PBXTargetDependency */,
				17240F0127E74F24008FA0D7 /* PBXTargetDependency */,
			);
			name = WhatsAppClone;
			productName = WhatsAppClone;
			productReference = 173EEAB327D53665003BB7AC /* WhatsAppClone.app */;
			productType = "com.apple.product-type.application";
		};
		173EEAC827D53666003BB7AC /* WhatsAppCloneTests */ = {
			isa = PBXNativeTarget;
			buildConfigurationList = 173EEAE027D53666003BB7AC /* Build configuration list for PBXNativeTarget "WhatsAppCloneTests" */;
			buildPhases = (
				173EEAC527D53666003BB7AC /* Sources */,
				173EEAC627D53666003BB7AC /* Frameworks */,
				173EEAC727D53666003BB7AC /* Resources */,
			);
			buildRules = (
			);
			dependencies = (
				173EEACB27D53666003BB7AC /* PBXTargetDependency */,
			);
			name = WhatsAppCloneTests;
			productName = WhatsAppCloneTests;
			productReference = 173EEAC927D53666003BB7AC /* WhatsAppCloneTests.xctest */;
			productType = "com.apple.product-type.bundle.unit-test";
		};
		173EEAD227D53666003BB7AC /* WhatsAppCloneUITests */ = {
			isa = PBXNativeTarget;
			buildConfigurationList = 173EEAE327D53666003BB7AC /* Build configuration list for PBXNativeTarget "WhatsAppCloneUITests" */;
			buildPhases = (
				173EEACF27D53666003BB7AC /* Sources */,
				173EEAD027D53666003BB7AC /* Frameworks */,
				173EEAD127D53666003BB7AC /* Resources */,
			);
			buildRules = (
			);
			dependencies = (
				173EEAD527D53666003BB7AC /* PBXTargetDependency */,
			);
			name = WhatsAppCloneUITests;
			productName = WhatsAppCloneUITests;
			productReference = 173EEAD327D53666003BB7AC /* WhatsAppCloneUITests.xctest */;
			productType = "com.apple.product-type.bundle.ui-testing";
		};
		173EEAEB27D5374F003BB7AC /* Window */ = {
			isa = PBXNativeTarget;
			buildConfigurationList = 173EEB0327D5374F003BB7AC /* Build configuration list for PBXNativeTarget "Window" */;
			buildPhases = (
				173EEAE727D5374F003BB7AC /* Headers */,
				173EEAE827D5374F003BB7AC /* Sources */,
				173EEAE927D5374F003BB7AC /* Frameworks */,
				173EEAEA27D5374F003BB7AC /* Resources */,
			);
			buildRules = (
			);
			dependencies = (
				174C0FD727E7803400B50DF4 /* PBXTargetDependency */,
				17240EF427E730E8008FA0D7 /* PBXTargetDependency */,
			);
			name = Window;
			productName = Window;
			productReference = 173EEAEC27D5374F003BB7AC /* Window.framework */;
			productType = "com.apple.product-type.framework";
		};
		173EEAF427D5374F003BB7AC /* WindowTests */ = {
			isa = PBXNativeTarget;
			buildConfigurationList = 173EEB0727D5374F003BB7AC /* Build configuration list for PBXNativeTarget "WindowTests" */;
			buildPhases = (
				173EEAF127D5374F003BB7AC /* Sources */,
				173EEAF227D5374F003BB7AC /* Frameworks */,
				173EEAF327D5374F003BB7AC /* Resources */,
			);
			buildRules = (
			);
			dependencies = (
				173EEAF827D5374F003BB7AC /* PBXTargetDependency */,
				173EEAFA27D5374F003BB7AC /* PBXTargetDependency */,
			);
			name = WindowTests;
			productName = WindowTests;
			productReference = 173EEAF527D5374F003BB7AC /* WindowTests.xctest */;
			productType = "com.apple.product-type.bundle.unit-test";
		};
/* End PBXNativeTarget section */

/* Begin PBXProject section */
		173EEAAB27D53665003BB7AC /* Project object */ = {
			isa = PBXProject;
			attributes = {
				BuildIndependentTargetsInParallel = 1;
				LastSwiftUpdateCheck = 1320;
				LastUpgradeCheck = 1320;
				TargetAttributes = {
					17240EBC27E6132B008FA0D7 = {
						CreatedOnToolsVersion = 13.2.1;
						LastSwiftMigration = 1320;
					};
					17240ED327E6499B008FA0D7 = {
						CreatedOnToolsVersion = 13.2.1;
						LastSwiftMigration = 1320;
					};
					17240EFB27E74F24008FA0D7 = {
						CreatedOnToolsVersion = 13.2.1;
						LastSwiftMigration = 1320;
					};
					173EEAB227D53665003BB7AC = {
						CreatedOnToolsVersion = 13.2.1;
					};
					173EEAC827D53666003BB7AC = {
						CreatedOnToolsVersion = 13.2.1;
						TestTargetID = 173EEAB227D53665003BB7AC;
					};
					173EEAD227D53666003BB7AC = {
						CreatedOnToolsVersion = 13.2.1;
						TestTargetID = 173EEAB227D53665003BB7AC;
					};
					173EEAEB27D5374F003BB7AC = {
						CreatedOnToolsVersion = 13.2.1;
					};
					173EEAF427D5374F003BB7AC = {
						CreatedOnToolsVersion = 13.2.1;
						TestTargetID = 173EEAB227D53665003BB7AC;
					};
				};
			};
			buildConfigurationList = 173EEAAE27D53665003BB7AC /* Build configuration list for PBXProject "WhatsAppClone" */;
			compatibilityVersion = "Xcode 13.0";
			developmentRegion = en;
			hasScannedForEncodings = 0;
			knownRegions = (
				en,
				Base,
			);
			mainGroup = 173EEAAA27D53665003BB7AC;
			productRefGroup = 173EEAB427D53665003BB7AC /* Products */;
			projectDirPath = "";
			projectRoot = "";
			targets = (
				173EEAB227D53665003BB7AC /* WhatsAppClone */,
				173EEAC827D53666003BB7AC /* WhatsAppCloneTests */,
				173EEAD227D53666003BB7AC /* WhatsAppCloneUITests */,
				173EEAEB27D5374F003BB7AC /* Window */,
				173EEAF427D5374F003BB7AC /* WindowTests */,
				17240EBC27E6132B008FA0D7 /* Landing */,
				17240ED327E6499B008FA0D7 /* Utility */,
				17240EFB27E74F24008FA0D7 /* ChatRoomLogin */,
			);
		};
/* End PBXProject section */

/* Begin PBXResourcesBuildPhase section */
		17240EBB27E6132B008FA0D7 /* Resources */ = {
			isa = PBXResourcesBuildPhase;
			buildActionMask = 2147483647;
			files = (
				17240EC927E61363008FA0D7 /* Landing.storyboard in Resources */,
				17240EE727E658A7008FA0D7 /* Landing.xcassets in Resources */,
			);
			runOnlyForDeploymentPostprocessing = 0;
		};
		17240ED227E6499B008FA0D7 /* Resources */ = {
			isa = PBXResourcesBuildPhase;
			buildActionMask = 2147483647;
			files = (
			);
			runOnlyForDeploymentPostprocessing = 0;
		};
		17240EFA27E74F24008FA0D7 /* Resources */ = {
			isa = PBXResourcesBuildPhase;
			buildActionMask = 2147483647;
			files = (
				17240F1127E752F8008FA0D7 /* ChatRoomLogin.xcassets in Resources */,
				17240F0927E74F70008FA0D7 /* ChatRoomLogin.storyboard in Resources */,
			);
			runOnlyForDeploymentPostprocessing = 0;
		};
		173EEAB127D53665003BB7AC /* Resources */ = {
			isa = PBXResourcesBuildPhase;
			buildActionMask = 2147483647;
			files = (
				173EEAC327D53666003BB7AC /* LaunchScreen.storyboard in Resources */,
				17240F0827E74F70008FA0D7 /* ChatRoomLogin.storyboard in Resources */,
				173EEAC027D53666003BB7AC /* Assets.xcassets in Resources */,
				173EEABE27D53665003BB7AC /* Main.storyboard in Resources */,
			);
			runOnlyForDeploymentPostprocessing = 0;
		};
		173EEAC727D53666003BB7AC /* Resources */ = {
			isa = PBXResourcesBuildPhase;
			buildActionMask = 2147483647;
			files = (
			);
			runOnlyForDeploymentPostprocessing = 0;
		};
		173EEAD127D53666003BB7AC /* Resources */ = {
			isa = PBXResourcesBuildPhase;
			buildActionMask = 2147483647;
			files = (
			);
			runOnlyForDeploymentPostprocessing = 0;
		};
		173EEAEA27D5374F003BB7AC /* Resources */ = {
			isa = PBXResourcesBuildPhase;
			buildActionMask = 2147483647;
			files = (
			);
			runOnlyForDeploymentPostprocessing = 0;
		};
		173EEAF327D5374F003BB7AC /* Resources */ = {
			isa = PBXResourcesBuildPhase;
			buildActionMask = 2147483647;
			files = (
			);
			runOnlyForDeploymentPostprocessing = 0;
		};
/* End PBXResourcesBuildPhase section */

/* Begin PBXSourcesBuildPhase section */
		17240EB927E6132B008FA0D7 /* Sources */ = {
			isa = PBXSourcesBuildPhase;
			buildActionMask = 2147483647;
			files = (
				17240ECE27E61466008FA0D7 /* Builder.swift in Sources */,
				17240EE527E656E6008FA0D7 /* UIViewController+Extensions.swift in Sources */,
				17240ECB27E61433008FA0D7 /* LandingViewController.swift in Sources */,
			);
			runOnlyForDeploymentPostprocessing = 0;
		};
		17240ED027E6499B008FA0D7 /* Sources */ = {
			isa = PBXSourcesBuildPhase;
			buildActionMask = 2147483647;
			files = (
				17240EE227E64AEB008FA0D7 /* UIViewController+Extensions.swift in Sources */,
			);
			runOnlyForDeploymentPostprocessing = 0;
		};
		17240EF827E74F24008FA0D7 /* Sources */ = {
			isa = PBXSourcesBuildPhase;
			buildActionMask = 2147483647;
			files = (
				17240F0B27E750F4008FA0D7 /* ChatRoomLoginViewController.swift in Sources */,
				17240F0D27E75128008FA0D7 /* Builder.swift in Sources */,
			);
			runOnlyForDeploymentPostprocessing = 0;
		};
		173EEAAF27D53665003BB7AC /* Sources */ = {
			isa = PBXSourcesBuildPhase;
			buildActionMask = 2147483647;
			files = (
				173EEABB27D53665003BB7AC /* ViewController.swift in Sources */,
				173EEAB727D53665003BB7AC /* AppDelegate.swift in Sources */,
				173EEAB927D53665003BB7AC /* SceneDelegate.swift in Sources */,
			);
			runOnlyForDeploymentPostprocessing = 0;
		};
		173EEAC527D53666003BB7AC /* Sources */ = {
			isa = PBXSourcesBuildPhase;
			buildActionMask = 2147483647;
			files = (
				173EEACE27D53666003BB7AC /* WhatsAppCloneTests.swift in Sources */,
			);
			runOnlyForDeploymentPostprocessing = 0;
		};
		173EEACF27D53666003BB7AC /* Sources */ = {
			isa = PBXSourcesBuildPhase;
			buildActionMask = 2147483647;
			files = (
				173EEADA27D53666003BB7AC /* WhatsAppCloneUITestsLaunchTests.swift in Sources */,
				173EEAD827D53666003BB7AC /* WhatsAppCloneUITests.swift in Sources */,
			);
			runOnlyForDeploymentPostprocessing = 0;
		};
		173EEAE827D5374F003BB7AC /* Sources */ = {
			isa = PBXSourcesBuildPhase;
			buildActionMask = 2147483647;
			files = (
				17240EA127E5EF4D008FA0D7 /* Router.swift in Sources */,
				17240E9F27E5ED42008FA0D7 /* Presenter.swift in Sources */,
				173EEAF027D5374F003BB7AC /* Window.docc in Sources */,
				17240E9D27E5ECAF008FA0D7 /* Window.swift in Sources */,
				17240EA427E5F71E008FA0D7 /* Builder.swift in Sources */,
			);
			runOnlyForDeploymentPostprocessing = 0;
		};
		173EEAF127D5374F003BB7AC /* Sources */ = {
			isa = PBXSourcesBuildPhase;
			buildActionMask = 2147483647;
			files = (
				173EEAFD27D5374F003BB7AC /* WindowTests.swift in Sources */,
			);
			runOnlyForDeploymentPostprocessing = 0;
		};
/* End PBXSourcesBuildPhase section */

/* Begin PBXTargetDependency section */
		17240EC227E6132B008FA0D7 /* PBXTargetDependency */ = {
			isa = PBXTargetDependency;
			target = 17240EBC27E6132B008FA0D7 /* Landing */;
			targetProxy = 17240EC127E6132B008FA0D7 /* PBXContainerItemProxy */;
		};
		17240ED927E6499B008FA0D7 /* PBXTargetDependency */ = {
			isa = PBXTargetDependency;
			target = 17240ED327E6499B008FA0D7 /* Utility */;
			targetProxy = 17240ED827E6499B008FA0D7 /* PBXContainerItemProxy */;
		};
		17240EF427E730E8008FA0D7 /* PBXTargetDependency */ = {
			isa = PBXTargetDependency;
			target = 17240EBC27E6132B008FA0D7 /* Landing */;
			targetProxy = 17240EF327E730E8008FA0D7 /* PBXContainerItemProxy */;
		};
		17240F0127E74F24008FA0D7 /* PBXTargetDependency */ = {
			isa = PBXTargetDependency;
			target = 17240EFB27E74F24008FA0D7 /* ChatRoomLogin */;
			targetProxy = 17240F0027E74F24008FA0D7 /* PBXContainerItemProxy */;
		};
		17240F0F27E75260008FA0D7 /* PBXTargetDependency */ = {
			isa = PBXTargetDependency;
			target = 17240ED327E6499B008FA0D7 /* Utility */;
			targetProxy = 17240F0E27E75260008FA0D7 /* PBXContainerItemProxy */;
		};
		173EEACB27D53666003BB7AC /* PBXTargetDependency */ = {
			isa = PBXTargetDependency;
			target = 173EEAB227D53665003BB7AC /* WhatsAppClone */;
			targetProxy = 173EEACA27D53666003BB7AC /* PBXContainerItemProxy */;
		};
		173EEAD527D53666003BB7AC /* PBXTargetDependency */ = {
			isa = PBXTargetDependency;
			target = 173EEAB227D53665003BB7AC /* WhatsAppClone */;
			targetProxy = 173EEAD427D53666003BB7AC /* PBXContainerItemProxy */;
		};
		173EEAF827D5374F003BB7AC /* PBXTargetDependency */ = {
			isa = PBXTargetDependency;
			target = 173EEAEB27D5374F003BB7AC /* Window */;
			targetProxy = 173EEAF727D5374F003BB7AC /* PBXContainerItemProxy */;
		};
		173EEAFA27D5374F003BB7AC /* PBXTargetDependency */ = {
			isa = PBXTargetDependency;
			target = 173EEAB227D53665003BB7AC /* WhatsAppClone */;
			targetProxy = 173EEAF927D5374F003BB7AC /* PBXContainerItemProxy */;
		};
		173EEB0027D5374F003BB7AC /* PBXTargetDependency */ = {
			isa = PBXTargetDependency;
			target = 173EEAEB27D5374F003BB7AC /* Window */;
			targetProxy = 173EEAFF27D5374F003BB7AC /* PBXContainerItemProxy */;
		};
		174C0FD727E7803400B50DF4 /* PBXTargetDependency */ = {
			isa = PBXTargetDependency;
			target = 17240EFB27E74F24008FA0D7 /* ChatRoomLogin */;
			targetProxy = 174C0FD627E7803400B50DF4 /* PBXContainerItemProxy */;
		};
/* End PBXTargetDependency section */

/* Begin PBXVariantGroup section */
		173EEABC27D53665003BB7AC /* Main.storyboard */ = {
			isa = PBXVariantGroup;
			children = (
				173EEABD27D53665003BB7AC /* Base */,
			);
			name = Main.storyboard;
			sourceTree = "<group>";
		};
		173EEAC127D53666003BB7AC /* LaunchScreen.storyboard */ = {
			isa = PBXVariantGroup;
			children = (
				173EEAC227D53666003BB7AC /* Base */,
			);
			name = LaunchScreen.storyboard;
			sourceTree = "<group>";
		};
/* End PBXVariantGroup section */

/* Begin XCBuildConfiguration section */
		17240EC627E6132B008FA0D7 /* Debug */ = {
			isa = XCBuildConfiguration;
			buildSettings = {
				CLANG_ENABLE_MODULES = YES;
				CODE_SIGN_STYLE = Automatic;
				CURRENT_PROJECT_VERSION = 1;
				DEFINES_MODULE = YES;
				DYLIB_COMPATIBILITY_VERSION = 1;
				DYLIB_CURRENT_VERSION = 1;
				DYLIB_INSTALL_NAME_BASE = "@rpath";
				GENERATE_INFOPLIST_FILE = YES;
				INFOPLIST_KEY_NSHumanReadableCopyright = "";
				INSTALL_PATH = "$(LOCAL_LIBRARY_DIR)/Frameworks";
				IPHONEOS_DEPLOYMENT_TARGET = 13.0;
				LD_RUNPATH_SEARCH_PATHS = (
					"$(inherited)",
					"@executable_path/Frameworks",
					"@loader_path/Frameworks",
				);
				MARKETING_VERSION = 1.0;
				PRODUCT_BUNDLE_IDENTIFIER = com.napps.Landing;
				PRODUCT_NAME = "$(TARGET_NAME:c99extidentifier)";
				SKIP_INSTALL = YES;
				SWIFT_EMIT_LOC_STRINGS = YES;
				SWIFT_OPTIMIZATION_LEVEL = "-Onone";
				SWIFT_VERSION = 5.0;
				TARGETED_DEVICE_FAMILY = "1,2";
				VERSIONING_SYSTEM = "apple-generic";
				VERSION_INFO_PREFIX = "";
			};
			name = Debug;
		};
		17240EC727E6132B008FA0D7 /* Release */ = {
			isa = XCBuildConfiguration;
			buildSettings = {
				CLANG_ENABLE_MODULES = YES;
				CODE_SIGN_STYLE = Automatic;
				CURRENT_PROJECT_VERSION = 1;
				DEFINES_MODULE = YES;
				DYLIB_COMPATIBILITY_VERSION = 1;
				DYLIB_CURRENT_VERSION = 1;
				DYLIB_INSTALL_NAME_BASE = "@rpath";
				GENERATE_INFOPLIST_FILE = YES;
				INFOPLIST_KEY_NSHumanReadableCopyright = "";
				INSTALL_PATH = "$(LOCAL_LIBRARY_DIR)/Frameworks";
				IPHONEOS_DEPLOYMENT_TARGET = 13.0;
				LD_RUNPATH_SEARCH_PATHS = (
					"$(inherited)",
					"@executable_path/Frameworks",
					"@loader_path/Frameworks",
				);
				MARKETING_VERSION = 1.0;
				PRODUCT_BUNDLE_IDENTIFIER = com.napps.Landing;
				PRODUCT_NAME = "$(TARGET_NAME:c99extidentifier)";
				SKIP_INSTALL = YES;
				SWIFT_EMIT_LOC_STRINGS = YES;
				SWIFT_VERSION = 5.0;
				TARGETED_DEVICE_FAMILY = "1,2";
				VERSIONING_SYSTEM = "apple-generic";
				VERSION_INFO_PREFIX = "";
			};
			name = Release;
		};
		17240EDD27E6499B008FA0D7 /* Debug */ = {
			isa = XCBuildConfiguration;
			buildSettings = {
				CLANG_ENABLE_MODULES = YES;
				CODE_SIGN_STYLE = Automatic;
				CURRENT_PROJECT_VERSION = 1;
				DEFINES_MODULE = YES;
				DYLIB_COMPATIBILITY_VERSION = 1;
				DYLIB_CURRENT_VERSION = 1;
				DYLIB_INSTALL_NAME_BASE = "@rpath";
				GENERATE_INFOPLIST_FILE = YES;
				INFOPLIST_KEY_NSHumanReadableCopyright = "";
				INSTALL_PATH = "$(LOCAL_LIBRARY_DIR)/Frameworks";
				IPHONEOS_DEPLOYMENT_TARGET = 13.0;
				LD_RUNPATH_SEARCH_PATHS = (
					"$(inherited)",
					"@executable_path/Frameworks",
					"@loader_path/Frameworks",
				);
				MARKETING_VERSION = 1.0;
				PRODUCT_BUNDLE_IDENTIFIER = com.napps.Utility;
				PRODUCT_NAME = "$(TARGET_NAME:c99extidentifier)";
				SKIP_INSTALL = YES;
				SWIFT_EMIT_LOC_STRINGS = YES;
				SWIFT_OPTIMIZATION_LEVEL = "-Onone";
				SWIFT_VERSION = 5.0;
				TARGETED_DEVICE_FAMILY = "1,2";
				VERSIONING_SYSTEM = "apple-generic";
				VERSION_INFO_PREFIX = "";
			};
			name = Debug;
		};
		17240EDE27E6499B008FA0D7 /* Release */ = {
			isa = XCBuildConfiguration;
			buildSettings = {
				CLANG_ENABLE_MODULES = YES;
				CODE_SIGN_STYLE = Automatic;
				CURRENT_PROJECT_VERSION = 1;
				DEFINES_MODULE = YES;
				DYLIB_COMPATIBILITY_VERSION = 1;
				DYLIB_CURRENT_VERSION = 1;
				DYLIB_INSTALL_NAME_BASE = "@rpath";
				GENERATE_INFOPLIST_FILE = YES;
				INFOPLIST_KEY_NSHumanReadableCopyright = "";
				INSTALL_PATH = "$(LOCAL_LIBRARY_DIR)/Frameworks";
				IPHONEOS_DEPLOYMENT_TARGET = 13.0;
				LD_RUNPATH_SEARCH_PATHS = (
					"$(inherited)",
					"@executable_path/Frameworks",
					"@loader_path/Frameworks",
				);
				MARKETING_VERSION = 1.0;
				PRODUCT_BUNDLE_IDENTIFIER = com.napps.Utility;
				PRODUCT_NAME = "$(TARGET_NAME:c99extidentifier)";
				SKIP_INSTALL = YES;
				SWIFT_EMIT_LOC_STRINGS = YES;
				SWIFT_VERSION = 5.0;
				TARGETED_DEVICE_FAMILY = "1,2";
				VERSIONING_SYSTEM = "apple-generic";
				VERSION_INFO_PREFIX = "";
			};
			name = Release;
		};
		17240F0527E74F24008FA0D7 /* Debug */ = {
			isa = XCBuildConfiguration;
			buildSettings = {
				CLANG_ENABLE_MODULES = YES;
				CODE_SIGN_STYLE = Automatic;
				CURRENT_PROJECT_VERSION = 1;
				DEFINES_MODULE = YES;
				DYLIB_COMPATIBILITY_VERSION = 1;
				DYLIB_CURRENT_VERSION = 1;
				DYLIB_INSTALL_NAME_BASE = "@rpath";
				GENERATE_INFOPLIST_FILE = YES;
				INFOPLIST_KEY_NSHumanReadableCopyright = "";
				INSTALL_PATH = "$(LOCAL_LIBRARY_DIR)/Frameworks";
				IPHONEOS_DEPLOYMENT_TARGET = 13.0;
				LD_RUNPATH_SEARCH_PATHS = (
					"$(inherited)",
					"@executable_path/Frameworks",
					"@loader_path/Frameworks",
				);
				MARKETING_VERSION = 1.0;
				PRODUCT_BUNDLE_IDENTIFIER = com.napps.ChatRoomLogin;
				PRODUCT_NAME = "$(TARGET_NAME:c99extidentifier)";
				SKIP_INSTALL = YES;
				SWIFT_EMIT_LOC_STRINGS = YES;
				SWIFT_OPTIMIZATION_LEVEL = "-Onone";
				SWIFT_VERSION = 5.0;
				TARGETED_DEVICE_FAMILY = "1,2";
				VERSIONING_SYSTEM = "apple-generic";
				VERSION_INFO_PREFIX = "";
			};
			name = Debug;
		};
		17240F0627E74F24008FA0D7 /* Release */ = {
			isa = XCBuildConfiguration;
			buildSettings = {
				CLANG_ENABLE_MODULES = YES;
				CODE_SIGN_STYLE = Automatic;
				CURRENT_PROJECT_VERSION = 1;
				DEFINES_MODULE = YES;
				DYLIB_COMPATIBILITY_VERSION = 1;
				DYLIB_CURRENT_VERSION = 1;
				DYLIB_INSTALL_NAME_BASE = "@rpath";
				GENERATE_INFOPLIST_FILE = YES;
				INFOPLIST_KEY_NSHumanReadableCopyright = "";
				INSTALL_PATH = "$(LOCAL_LIBRARY_DIR)/Frameworks";
				IPHONEOS_DEPLOYMENT_TARGET = 13.0;
				LD_RUNPATH_SEARCH_PATHS = (
					"$(inherited)",
					"@executable_path/Frameworks",
					"@loader_path/Frameworks",
				);
				MARKETING_VERSION = 1.0;
				PRODUCT_BUNDLE_IDENTIFIER = com.napps.ChatRoomLogin;
				PRODUCT_NAME = "$(TARGET_NAME:c99extidentifier)";
				SKIP_INSTALL = YES;
				SWIFT_EMIT_LOC_STRINGS = YES;
				SWIFT_VERSION = 5.0;
				TARGETED_DEVICE_FAMILY = "1,2";
				VERSIONING_SYSTEM = "apple-generic";
				VERSION_INFO_PREFIX = "";
			};
			name = Release;
		};
		173EEADB27D53666003BB7AC /* Debug */ = {
			isa = XCBuildConfiguration;
			buildSettings = {
				ALWAYS_SEARCH_USER_PATHS = NO;
				CLANG_ANALYZER_NONNULL = YES;
				CLANG_ANALYZER_NUMBER_OBJECT_CONVERSION = YES_AGGRESSIVE;
				CLANG_CXX_LANGUAGE_STANDARD = "gnu++17";
				CLANG_CXX_LIBRARY = "libc++";
				CLANG_ENABLE_MODULES = YES;
				CLANG_ENABLE_OBJC_ARC = YES;
				CLANG_ENABLE_OBJC_WEAK = YES;
				CLANG_WARN_BLOCK_CAPTURE_AUTORELEASING = YES;
				CLANG_WARN_BOOL_CONVERSION = YES;
				CLANG_WARN_COMMA = YES;
				CLANG_WARN_CONSTANT_CONVERSION = YES;
				CLANG_WARN_DEPRECATED_OBJC_IMPLEMENTATIONS = YES;
				CLANG_WARN_DIRECT_OBJC_ISA_USAGE = YES_ERROR;
				CLANG_WARN_DOCUMENTATION_COMMENTS = YES;
				CLANG_WARN_EMPTY_BODY = YES;
				CLANG_WARN_ENUM_CONVERSION = YES;
				CLANG_WARN_INFINITE_RECURSION = YES;
				CLANG_WARN_INT_CONVERSION = YES;
				CLANG_WARN_NON_LITERAL_NULL_CONVERSION = YES;
				CLANG_WARN_OBJC_IMPLICIT_RETAIN_SELF = YES;
				CLANG_WARN_OBJC_LITERAL_CONVERSION = YES;
				CLANG_WARN_OBJC_ROOT_CLASS = YES_ERROR;
				CLANG_WARN_QUOTED_INCLUDE_IN_FRAMEWORK_HEADER = YES;
				CLANG_WARN_RANGE_LOOP_ANALYSIS = YES;
				CLANG_WARN_STRICT_PROTOTYPES = YES;
				CLANG_WARN_SUSPICIOUS_MOVE = YES;
				CLANG_WARN_UNGUARDED_AVAILABILITY = YES_AGGRESSIVE;
				CLANG_WARN_UNREACHABLE_CODE = YES;
				CLANG_WARN__DUPLICATE_METHOD_MATCH = YES;
				COPY_PHASE_STRIP = NO;
				DEBUG_INFORMATION_FORMAT = dwarf;
				ENABLE_STRICT_OBJC_MSGSEND = YES;
				ENABLE_TESTABILITY = YES;
				GCC_C_LANGUAGE_STANDARD = gnu11;
				GCC_DYNAMIC_NO_PIC = NO;
				GCC_NO_COMMON_BLOCKS = YES;
				GCC_OPTIMIZATION_LEVEL = 0;
				GCC_PREPROCESSOR_DEFINITIONS = (
					"DEBUG=1",
					"$(inherited)",
				);
				GCC_WARN_64_TO_32_BIT_CONVERSION = YES;
				GCC_WARN_ABOUT_RETURN_TYPE = YES_ERROR;
				GCC_WARN_UNDECLARED_SELECTOR = YES;
				GCC_WARN_UNINITIALIZED_AUTOS = YES_AGGRESSIVE;
				GCC_WARN_UNUSED_FUNCTION = YES;
				GCC_WARN_UNUSED_VARIABLE = YES;
				IPHONEOS_DEPLOYMENT_TARGET = 15.2;
				MTL_ENABLE_DEBUG_INFO = INCLUDE_SOURCE;
				MTL_FAST_MATH = YES;
				ONLY_ACTIVE_ARCH = YES;
				SDKROOT = iphoneos;
				SWIFT_ACTIVE_COMPILATION_CONDITIONS = DEBUG;
				SWIFT_OPTIMIZATION_LEVEL = "-Onone";
			};
			name = Debug;
		};
		173EEADC27D53666003BB7AC /* Release */ = {
			isa = XCBuildConfiguration;
			buildSettings = {
				ALWAYS_SEARCH_USER_PATHS = NO;
				CLANG_ANALYZER_NONNULL = YES;
				CLANG_ANALYZER_NUMBER_OBJECT_CONVERSION = YES_AGGRESSIVE;
				CLANG_CXX_LANGUAGE_STANDARD = "gnu++17";
				CLANG_CXX_LIBRARY = "libc++";
				CLANG_ENABLE_MODULES = YES;
				CLANG_ENABLE_OBJC_ARC = YES;
				CLANG_ENABLE_OBJC_WEAK = YES;
				CLANG_WARN_BLOCK_CAPTURE_AUTORELEASING = YES;
				CLANG_WARN_BOOL_CONVERSION = YES;
				CLANG_WARN_COMMA = YES;
				CLANG_WARN_CONSTANT_CONVERSION = YES;
				CLANG_WARN_DEPRECATED_OBJC_IMPLEMENTATIONS = YES;
				CLANG_WARN_DIRECT_OBJC_ISA_USAGE = YES_ERROR;
				CLANG_WARN_DOCUMENTATION_COMMENTS = YES;
				CLANG_WARN_EMPTY_BODY = YES;
				CLANG_WARN_ENUM_CONVERSION = YES;
				CLANG_WARN_INFINITE_RECURSION = YES;
				CLANG_WARN_INT_CONVERSION = YES;
				CLANG_WARN_NON_LITERAL_NULL_CONVERSION = YES;
				CLANG_WARN_OBJC_IMPLICIT_RETAIN_SELF = YES;
				CLANG_WARN_OBJC_LITERAL_CONVERSION = YES;
				CLANG_WARN_OBJC_ROOT_CLASS = YES_ERROR;
				CLANG_WARN_QUOTED_INCLUDE_IN_FRAMEWORK_HEADER = YES;
				CLANG_WARN_RANGE_LOOP_ANALYSIS = YES;
				CLANG_WARN_STRICT_PROTOTYPES = YES;
				CLANG_WARN_SUSPICIOUS_MOVE = YES;
				CLANG_WARN_UNGUARDED_AVAILABILITY = YES_AGGRESSIVE;
				CLANG_WARN_UNREACHABLE_CODE = YES;
				CLANG_WARN__DUPLICATE_METHOD_MATCH = YES;
				COPY_PHASE_STRIP = NO;
				DEBUG_INFORMATION_FORMAT = "dwarf-with-dsym";
				ENABLE_NS_ASSERTIONS = NO;
				ENABLE_STRICT_OBJC_MSGSEND = YES;
				GCC_C_LANGUAGE_STANDARD = gnu11;
				GCC_NO_COMMON_BLOCKS = YES;
				GCC_WARN_64_TO_32_BIT_CONVERSION = YES;
				GCC_WARN_ABOUT_RETURN_TYPE = YES_ERROR;
				GCC_WARN_UNDECLARED_SELECTOR = YES;
				GCC_WARN_UNINITIALIZED_AUTOS = YES_AGGRESSIVE;
				GCC_WARN_UNUSED_FUNCTION = YES;
				GCC_WARN_UNUSED_VARIABLE = YES;
				IPHONEOS_DEPLOYMENT_TARGET = 15.2;
				MTL_ENABLE_DEBUG_INFO = NO;
				MTL_FAST_MATH = YES;
				SDKROOT = iphoneos;
				SWIFT_COMPILATION_MODE = wholemodule;
				SWIFT_OPTIMIZATION_LEVEL = "-O";
				VALIDATE_PRODUCT = YES;
			};
			name = Release;
		};
		173EEADE27D53666003BB7AC /* Debug */ = {
			isa = XCBuildConfiguration;
			buildSettings = {
				ALWAYS_EMBED_SWIFT_STANDARD_LIBRARIES = YES;
				ASSETCATALOG_COMPILER_APPICON_NAME = AppIcon;
				ASSETCATALOG_COMPILER_GLOBAL_ACCENT_COLOR_NAME = AccentColor;
				CODE_SIGN_STYLE = Automatic;
				CURRENT_PROJECT_VERSION = 1;
				GENERATE_INFOPLIST_FILE = YES;
				INFOPLIST_FILE = WhatsAppClone/Info.plist;
				INFOPLIST_KEY_UIApplicationSupportsIndirectInputEvents = YES;
				INFOPLIST_KEY_UILaunchStoryboardName = LaunchScreen;
				INFOPLIST_KEY_UISupportedInterfaceOrientations_iPad = "UIInterfaceOrientationPortrait UIInterfaceOrientationPortraitUpsideDown UIInterfaceOrientationLandscapeLeft UIInterfaceOrientationLandscapeRight";
				INFOPLIST_KEY_UISupportedInterfaceOrientations_iPhone = "UIInterfaceOrientationPortrait UIInterfaceOrientationLandscapeLeft UIInterfaceOrientationLandscapeRight";
				LD_RUNPATH_SEARCH_PATHS = (
					"$(inherited)",
					"@executable_path/Frameworks",
				);
				MARKETING_VERSION = 1.0;
				PRODUCT_BUNDLE_IDENTIFIER = com.napps.WhatsAppClone;
				PRODUCT_NAME = "$(TARGET_NAME)";
				SWIFT_EMIT_LOC_STRINGS = YES;
				SWIFT_VERSION = 5.0;
				TARGETED_DEVICE_FAMILY = "1,2";
			};
			name = Debug;
		};
		173EEADF27D53666003BB7AC /* Release */ = {
			isa = XCBuildConfiguration;
			buildSettings = {
				ALWAYS_EMBED_SWIFT_STANDARD_LIBRARIES = YES;
				ASSETCATALOG_COMPILER_APPICON_NAME = AppIcon;
				ASSETCATALOG_COMPILER_GLOBAL_ACCENT_COLOR_NAME = AccentColor;
				CODE_SIGN_STYLE = Automatic;
				CURRENT_PROJECT_VERSION = 1;
				GENERATE_INFOPLIST_FILE = YES;
				INFOPLIST_FILE = WhatsAppClone/Info.plist;
				INFOPLIST_KEY_UIApplicationSupportsIndirectInputEvents = YES;
				INFOPLIST_KEY_UILaunchStoryboardName = LaunchScreen;
				INFOPLIST_KEY_UISupportedInterfaceOrientations_iPad = "UIInterfaceOrientationPortrait UIInterfaceOrientationPortraitUpsideDown UIInterfaceOrientationLandscapeLeft UIInterfaceOrientationLandscapeRight";
				INFOPLIST_KEY_UISupportedInterfaceOrientations_iPhone = "UIInterfaceOrientationPortrait UIInterfaceOrientationLandscapeLeft UIInterfaceOrientationLandscapeRight";
				LD_RUNPATH_SEARCH_PATHS = (
					"$(inherited)",
					"@executable_path/Frameworks",
				);
				MARKETING_VERSION = 1.0;
				PRODUCT_BUNDLE_IDENTIFIER = com.napps.WhatsAppClone;
				PRODUCT_NAME = "$(TARGET_NAME)";
				SWIFT_EMIT_LOC_STRINGS = YES;
				SWIFT_VERSION = 5.0;
				TARGETED_DEVICE_FAMILY = "1,2";
			};
			name = Release;
		};
		173EEAE127D53666003BB7AC /* Debug */ = {
			isa = XCBuildConfiguration;
			buildSettings = {
				ALWAYS_EMBED_SWIFT_STANDARD_LIBRARIES = YES;
				BUNDLE_LOADER = "$(TEST_HOST)";
				CODE_SIGN_STYLE = Automatic;
				CURRENT_PROJECT_VERSION = 1;
				GENERATE_INFOPLIST_FILE = YES;
				IPHONEOS_DEPLOYMENT_TARGET = 15.2;
				MARKETING_VERSION = 1.0;
				PRODUCT_BUNDLE_IDENTIFIER = com.napps.WhatsAppCloneTests;
				PRODUCT_NAME = "$(TARGET_NAME)";
				SWIFT_EMIT_LOC_STRINGS = NO;
				SWIFT_VERSION = 5.0;
				TARGETED_DEVICE_FAMILY = "1,2";
				TEST_HOST = "$(BUILT_PRODUCTS_DIR)/WhatsAppClone.app/WhatsAppClone";
			};
			name = Debug;
		};
		173EEAE227D53666003BB7AC /* Release */ = {
			isa = XCBuildConfiguration;
			buildSettings = {
				ALWAYS_EMBED_SWIFT_STANDARD_LIBRARIES = YES;
				BUNDLE_LOADER = "$(TEST_HOST)";
				CODE_SIGN_STYLE = Automatic;
				CURRENT_PROJECT_VERSION = 1;
				GENERATE_INFOPLIST_FILE = YES;
				IPHONEOS_DEPLOYMENT_TARGET = 15.2;
				MARKETING_VERSION = 1.0;
				PRODUCT_BUNDLE_IDENTIFIER = com.napps.WhatsAppCloneTests;
				PRODUCT_NAME = "$(TARGET_NAME)";
				SWIFT_EMIT_LOC_STRINGS = NO;
				SWIFT_VERSION = 5.0;
				TARGETED_DEVICE_FAMILY = "1,2";
				TEST_HOST = "$(BUILT_PRODUCTS_DIR)/WhatsAppClone.app/WhatsAppClone";
			};
			name = Release;
		};
		173EEAE427D53666003BB7AC /* Debug */ = {
			isa = XCBuildConfiguration;
			buildSettings = {
				ALWAYS_EMBED_SWIFT_STANDARD_LIBRARIES = YES;
				CODE_SIGN_STYLE = Automatic;
				CURRENT_PROJECT_VERSION = 1;
				GENERATE_INFOPLIST_FILE = YES;
				MARKETING_VERSION = 1.0;
				PRODUCT_BUNDLE_IDENTIFIER = com.napps.WhatsAppCloneUITests;
				PRODUCT_NAME = "$(TARGET_NAME)";
				SWIFT_EMIT_LOC_STRINGS = NO;
				SWIFT_VERSION = 5.0;
				TARGETED_DEVICE_FAMILY = "1,2";
				TEST_TARGET_NAME = WhatsAppClone;
			};
			name = Debug;
		};
		173EEAE527D53666003BB7AC /* Release */ = {
			isa = XCBuildConfiguration;
			buildSettings = {
				ALWAYS_EMBED_SWIFT_STANDARD_LIBRARIES = YES;
				CODE_SIGN_STYLE = Automatic;
				CURRENT_PROJECT_VERSION = 1;
				GENERATE_INFOPLIST_FILE = YES;
				MARKETING_VERSION = 1.0;
				PRODUCT_BUNDLE_IDENTIFIER = com.napps.WhatsAppCloneUITests;
				PRODUCT_NAME = "$(TARGET_NAME)";
				SWIFT_EMIT_LOC_STRINGS = NO;
				SWIFT_VERSION = 5.0;
				TARGETED_DEVICE_FAMILY = "1,2";
				TEST_TARGET_NAME = WhatsAppClone;
			};
			name = Release;
		};
		173EEB0427D5374F003BB7AC /* Debug */ = {
			isa = XCBuildConfiguration;
			buildSettings = {
				CODE_SIGN_STYLE = Automatic;
				CURRENT_PROJECT_VERSION = 1;
				DEFINES_MODULE = YES;
				DYLIB_COMPATIBILITY_VERSION = 1;
				DYLIB_CURRENT_VERSION = 1;
				DYLIB_INSTALL_NAME_BASE = "@rpath";
				GENERATE_INFOPLIST_FILE = YES;
				INFOPLIST_KEY_NSHumanReadableCopyright = "";
				INSTALL_PATH = "$(LOCAL_LIBRARY_DIR)/Frameworks";
				IPHONEOS_DEPLOYMENT_TARGET = 13.0;
				LD_RUNPATH_SEARCH_PATHS = (
					"$(inherited)",
					"@executable_path/Frameworks",
					"@loader_path/Frameworks",
				);
				MARKETING_VERSION = 1.0;
				PRODUCT_BUNDLE_IDENTIFIER = com.napps.Window;
				PRODUCT_NAME = "$(TARGET_NAME:c99extidentifier)";
				SKIP_INSTALL = YES;
				SWIFT_EMIT_LOC_STRINGS = YES;
				SWIFT_VERSION = 5.0;
				TARGETED_DEVICE_FAMILY = "1,2";
				VERSIONING_SYSTEM = "apple-generic";
				VERSION_INFO_PREFIX = "";
			};
			name = Debug;
		};
		173EEB0527D5374F003BB7AC /* Release */ = {
			isa = XCBuildConfiguration;
			buildSettings = {
				CODE_SIGN_STYLE = Automatic;
				CURRENT_PROJECT_VERSION = 1;
				DEFINES_MODULE = YES;
				DYLIB_COMPATIBILITY_VERSION = 1;
				DYLIB_CURRENT_VERSION = 1;
				DYLIB_INSTALL_NAME_BASE = "@rpath";
				GENERATE_INFOPLIST_FILE = YES;
				INFOPLIST_KEY_NSHumanReadableCopyright = "";
				INSTALL_PATH = "$(LOCAL_LIBRARY_DIR)/Frameworks";
				IPHONEOS_DEPLOYMENT_TARGET = 13.0;
				LD_RUNPATH_SEARCH_PATHS = (
					"$(inherited)",
					"@executable_path/Frameworks",
					"@loader_path/Frameworks",
				);
				MARKETING_VERSION = 1.0;
				PRODUCT_BUNDLE_IDENTIFIER = com.napps.Window;
				PRODUCT_NAME = "$(TARGET_NAME:c99extidentifier)";
				SKIP_INSTALL = YES;
				SWIFT_EMIT_LOC_STRINGS = YES;
				SWIFT_VERSION = 5.0;
				TARGETED_DEVICE_FAMILY = "1,2";
				VERSIONING_SYSTEM = "apple-generic";
				VERSION_INFO_PREFIX = "";
			};
			name = Release;
		};
		173EEB0827D5374F003BB7AC /* Debug */ = {
			isa = XCBuildConfiguration;
			buildSettings = {
				ALWAYS_EMBED_SWIFT_STANDARD_LIBRARIES = YES;
				CODE_SIGN_STYLE = Automatic;
				CURRENT_PROJECT_VERSION = 1;
				GENERATE_INFOPLIST_FILE = YES;
				MARKETING_VERSION = 1.0;
				PRODUCT_BUNDLE_IDENTIFIER = com.napps.WindowTests;
				PRODUCT_NAME = "$(TARGET_NAME)";
				SWIFT_EMIT_LOC_STRINGS = NO;
				SWIFT_VERSION = 5.0;
				TARGETED_DEVICE_FAMILY = "1,2";
				TEST_HOST = "$(BUILT_PRODUCTS_DIR)/WhatsAppClone.app/WhatsAppClone";
			};
			name = Debug;
		};
		173EEB0927D5374F003BB7AC /* Release */ = {
			isa = XCBuildConfiguration;
			buildSettings = {
				ALWAYS_EMBED_SWIFT_STANDARD_LIBRARIES = YES;
				CODE_SIGN_STYLE = Automatic;
				CURRENT_PROJECT_VERSION = 1;
				GENERATE_INFOPLIST_FILE = YES;
				MARKETING_VERSION = 1.0;
				PRODUCT_BUNDLE_IDENTIFIER = com.napps.WindowTests;
				PRODUCT_NAME = "$(TARGET_NAME)";
				SWIFT_EMIT_LOC_STRINGS = NO;
				SWIFT_VERSION = 5.0;
				TARGETED_DEVICE_FAMILY = "1,2";
				TEST_HOST = "$(BUILT_PRODUCTS_DIR)/WhatsAppClone.app/WhatsAppClone";
			};
			name = Release;
		};
/* End XCBuildConfiguration section */

/* Begin XCConfigurationList section */
		17240EC527E6132B008FA0D7 /* Build configuration list for PBXNativeTarget "Landing" */ = {
			isa = XCConfigurationList;
			buildConfigurations = (
				17240EC627E6132B008FA0D7 /* Debug */,
				17240EC727E6132B008FA0D7 /* Release */,
			);
			defaultConfigurationIsVisible = 0;
			defaultConfigurationName = Release;
		};
		17240EDC27E6499B008FA0D7 /* Build configuration list for PBXNativeTarget "Utility" */ = {
			isa = XCConfigurationList;
			buildConfigurations = (
				17240EDD27E6499B008FA0D7 /* Debug */,
				17240EDE27E6499B008FA0D7 /* Release */,
			);
			defaultConfigurationIsVisible = 0;
			defaultConfigurationName = Release;
		};
		17240F0427E74F24008FA0D7 /* Build configuration list for PBXNativeTarget "ChatRoomLogin" */ = {
			isa = XCConfigurationList;
			buildConfigurations = (
				17240F0527E74F24008FA0D7 /* Debug */,
				17240F0627E74F24008FA0D7 /* Release */,
			);
			defaultConfigurationIsVisible = 0;
			defaultConfigurationName = Release;
		};
		173EEAAE27D53665003BB7AC /* Build configuration list for PBXProject "WhatsAppClone" */ = {
			isa = XCConfigurationList;
			buildConfigurations = (
				173EEADB27D53666003BB7AC /* Debug */,
				173EEADC27D53666003BB7AC /* Release */,
			);
			defaultConfigurationIsVisible = 0;
			defaultConfigurationName = Release;
		};
		173EEADD27D53666003BB7AC /* Build configuration list for PBXNativeTarget "WhatsAppClone" */ = {
			isa = XCConfigurationList;
			buildConfigurations = (
				173EEADE27D53666003BB7AC /* Debug */,
				173EEADF27D53666003BB7AC /* Release */,
			);
			defaultConfigurationIsVisible = 0;
			defaultConfigurationName = Release;
		};
		173EEAE027D53666003BB7AC /* Build configuration list for PBXNativeTarget "WhatsAppCloneTests" */ = {
			isa = XCConfigurationList;
			buildConfigurations = (
				173EEAE127D53666003BB7AC /* Debug */,
				173EEAE227D53666003BB7AC /* Release */,
			);
			defaultConfigurationIsVisible = 0;
			defaultConfigurationName = Release;
		};
		173EEAE327D53666003BB7AC /* Build configuration list for PBXNativeTarget "WhatsAppCloneUITests" */ = {
			isa = XCConfigurationList;
			buildConfigurations = (
				173EEAE427D53666003BB7AC /* Debug */,
				173EEAE527D53666003BB7AC /* Release */,
			);
			defaultConfigurationIsVisible = 0;
			defaultConfigurationName = Release;
		};
		173EEB0327D5374F003BB7AC /* Build configuration list for PBXNativeTarget "Window" */ = {
			isa = XCConfigurationList;
			buildConfigurations = (
				173EEB0427D5374F003BB7AC /* Debug */,
				173EEB0527D5374F003BB7AC /* Release */,
			);
			defaultConfigurationIsVisible = 0;
			defaultConfigurationName = Release;
		};
		173EEB0727D5374F003BB7AC /* Build configuration list for PBXNativeTarget "WindowTests" */ = {
			isa = XCConfigurationList;
			buildConfigurations = (
				173EEB0827D5374F003BB7AC /* Debug */,
				173EEB0927D5374F003BB7AC /* Release */,
			);
			defaultConfigurationIsVisible = 0;
			defaultConfigurationName = Release;
		};
/* End XCConfigurationList section */
	};
	rootObject = 173EEAAB27D53665003BB7AC /* Project object */;
}
