// !$*UTF8*$!
{
	archiveVersion = 1;
	classes = {
	};
	objectVersion = 55;
	objects = {

/* Begin PBXBuildFile section */
		173EEAB727D53665003BB7AC /* AppDelegate.swift in Sources */ = {isa = PBXBuildFile; fileRef = 173EEAB627D53665003BB7AC /* AppDelegate.swift */; };
		173EEAB927D53665003BB7AC /* SceneDelegate.swift in Sources */ = {isa = PBXBuildFile; fileRef = 173EEAB827D53665003BB7AC /* SceneDelegate.swift */; };
		173EEABB27D53665003BB7AC /* ViewController.swift in Sources */ = {isa = PBXBuildFile; fileRef = 173EEABA27D53665003BB7AC /* ViewController.swift */; };
		173EEABE27D53665003BB7AC /* Main.storyboard in Resources */ = {isa = PBXBuildFile; fileRef = 173EEABC27D53665003BB7AC /* Main.storyboard */; };
		173EEAC027D53666003BB7AC /* Assets.xcassets in Resources */ = {isa = PBXBuildFile; fileRef = 173EEABF27D53666003BB7AC /* Assets.xcassets */; };
		173EEAC327D53666003BB7AC /* LaunchScreen.storyboard in Resources */ = {isa = PBXBuildFile; fileRef = 173EEAC127D53666003BB7AC /* LaunchScreen.storyboard */; };
		173EEACE27D53666003BB7AC /* WhatsAppCloneTests.swift in Sources */ = {isa = PBXBuildFile; fileRef = 173EEACD27D53666003BB7AC /* WhatsAppCloneTests.swift */; };
		173EEAD827D53666003BB7AC /* WhatsAppCloneUITests.swift in Sources */ = {isa = PBXBuildFile; fileRef = 173EEAD727D53666003BB7AC /* WhatsAppCloneUITests.swift */; };
		173EEADA27D53666003BB7AC /* WhatsAppCloneUITestsLaunchTests.swift in Sources */ = {isa = PBXBuildFile; fileRef = 173EEAD927D53666003BB7AC /* WhatsAppCloneUITestsLaunchTests.swift */; };
/* End PBXBuildFile section */

/* Begin PBXContainerItemProxy section */
		173EEACA27D53666003BB7AC /* PBXContainerItemProxy */ = {
			isa = PBXContainerItemProxy;
			containerPortal = 173EEAAB27D53665003BB7AC /* Project object */;
			proxyType = 1;
			remoteGlobalIDString = 173EEAB227D53665003BB7AC;
			remoteInfo = WhatsAppClone;
		};
		173EEAD427D53666003BB7AC /* PBXContainerItemProxy */ = {
			isa = PBXContainerItemProxy;
			containerPortal = 173EEAAB27D53665003BB7AC /* Project object */;
			proxyType = 1;
			remoteGlobalIDString = 173EEAB227D53665003BB7AC;
			remoteInfo = WhatsAppClone;
		};
/* End PBXContainerItemProxy section */

/* Begin PBXFileReference section */
		173EEAB327D53665003BB7AC /* WhatsAppClone.app */ = {isa = PBXFileReference; explicitFileType = wrapper.application; includeInIndex = 0; path = WhatsAppClone.app; sourceTree = BUILT_PRODUCTS_DIR; };
		173EEAB627D53665003BB7AC /* AppDelegate.swift */ = {isa = PBXFileReference; lastKnownFileType = sourcecode.swift; path = AppDelegate.swift; sourceTree = "<group>"; };
		173EEAB827D53665003BB7AC /* SceneDelegate.swift */ = {isa = PBXFileReference; lastKnownFileType = sourcecode.swift; path = SceneDelegate.swift; sourceTree = "<group>"; };
		173EEABA27D53665003BB7AC /* ViewController.swift */ = {isa = PBXFileReference; lastKnownFileType = sourcecode.swift; path = ViewController.swift; sourceTree = "<group>"; };
		173EEABD27D53665003BB7AC /* Base */ = {isa = PBXFileReference; lastKnownFileType = file.storyboard; name = Base; path = Base.lproj/Main.storyboard; sourceTree = "<group>"; };
		173EEABF27D53666003BB7AC /* Assets.xcassets */ = {isa = PBXFileReference; lastKnownFileType = folder.assetcatalog; path = Assets.xcassets; sourceTree = "<group>"; };
		173EEAC227D53666003BB7AC /* Base */ = {isa = PBXFileReference; lastKnownFileType = file.storyboard; name = Base; path = Base.lproj/LaunchScreen.storyboard; sourceTree = "<group>"; };
		173EEAC427D53666003BB7AC /* Info.plist */ = {isa = PBXFileReference; lastKnownFileType = text.plist.xml; path = Info.plist; sourceTree = "<group>"; };
		173EEAC927D53666003BB7AC /* WhatsAppCloneTests.xctest */ = {isa = PBXFileReference; explicitFileType = wrapper.cfbundle; includeInIndex = 0; path = WhatsAppCloneTests.xctest; sourceTree = BUILT_PRODUCTS_DIR; };
		173EEACD27D53666003BB7AC /* WhatsAppCloneTests.swift */ = {isa = PBXFileReference; lastKnownFileType = sourcecode.swift; path = WhatsAppCloneTests.swift; sourceTree = "<group>"; };
		173EEAD327D53666003BB7AC /* WhatsAppCloneUITests.xctest */ = {isa = PBXFileReference; explicitFileType = wrapper.cfbundle; includeInIndex = 0; path = WhatsAppCloneUITests.xctest; sourceTree = BUILT_PRODUCTS_DIR; };
		173EEAD727D53666003BB7AC /* WhatsAppCloneUITests.swift */ = {isa = PBXFileReference; lastKnownFileType = sourcecode.swift; path = WhatsAppCloneUITests.swift; sourceTree = "<group>"; };
		173EEAD927D53666003BB7AC /* WhatsAppCloneUITestsLaunchTests.swift */ = {isa = PBXFileReference; lastKnownFileType = sourcecode.swift; path = WhatsAppCloneUITestsLaunchTests.swift; sourceTree = "<group>"; };
/* End PBXFileReference section */

/* Begin PBXFrameworksBuildPhase section */
		173EEAB027D53665003BB7AC /* Frameworks */ = {
			isa = PBXFrameworksBuildPhase;
			buildActionMask = 2147483647;
			files = (
			);
			runOnlyForDeploymentPostprocessing = 0;
		};
		173EEAC627D53666003BB7AC /* Frameworks */ = {
			isa = PBXFrameworksBuildPhase;
			buildActionMask = 2147483647;
			files = (
			);
			runOnlyForDeploymentPostprocessing = 0;
		};
		173EEAD027D53666003BB7AC /* Frameworks */ = {
			isa = PBXFrameworksBuildPhase;
			buildActionMask = 2147483647;
			files = (
			);
			runOnlyForDeploymentPostprocessing = 0;
		};
/* End PBXFrameworksBuildPhase section */

/* Begin PBXGroup section */
		173EEAAA27D53665003BB7AC = {
			isa = PBXGroup;
			children = (
				173EEAB527D53665003BB7AC /* WhatsAppClone */,
				173EEACC27D53666003BB7AC /* WhatsAppCloneTests */,
				173EEAD627D53666003BB7AC /* WhatsAppCloneUITests */,
				173EEAB427D53665003BB7AC /* Products */,
			);
			sourceTree = "<group>";
		};
		173EEAB427D53665003BB7AC /* Products */ = {
			isa = PBXGroup;
			children = (
				173EEAB327D53665003BB7AC /* WhatsAppClone.app */,
				173EEAC927D53666003BB7AC /* WhatsAppCloneTests.xctest */,
				173EEAD327D53666003BB7AC /* WhatsAppCloneUITests.xctest */,
			);
			name = Products;
			sourceTree = "<group>";
		};
		173EEAB527D53665003BB7AC /* WhatsAppClone */ = {
			isa = PBXGroup;
			children = (
				173EEAB627D53665003BB7AC /* AppDelegate.swift */,
				173EEAB827D53665003BB7AC /* SceneDelegate.swift */,
				173EEABA27D53665003BB7AC /* ViewController.swift */,
				173EEABC27D53665003BB7AC /* Main.storyboard */,
				173EEABF27D53666003BB7AC /* Assets.xcassets */,
				173EEAC127D53666003BB7AC /* LaunchScreen.storyboard */,
				173EEAC427D53666003BB7AC /* Info.plist */,
			);
			path = WhatsAppClone;
			sourceTree = "<group>";
		};
		173EEACC27D53666003BB7AC /* WhatsAppCloneTests */ = {
			isa = PBXGroup;
			children = (
				173EEACD27D53666003BB7AC /* WhatsAppCloneTests.swift */,
			);
			path = WhatsAppCloneTests;
			sourceTree = "<group>";
		};
		173EEAD627D53666003BB7AC /* WhatsAppCloneUITests */ = {
			isa = PBXGroup;
			children = (
				173EEAD727D53666003BB7AC /* WhatsAppCloneUITests.swift */,
				173EEAD927D53666003BB7AC /* WhatsAppCloneUITestsLaunchTests.swift */,
			);
			path = WhatsAppCloneUITests;
			sourceTree = "<group>";
		};
/* End PBXGroup section */

/* Begin PBXNativeTarget section */
		173EEAB227D53665003BB7AC /* WhatsAppClone */ = {
			isa = PBXNativeTarget;
			buildConfigurationList = 173EEADD27D53666003BB7AC /* Build configuration list for PBXNativeTarget "WhatsAppClone" */;
			buildPhases = (
				173EEAAF27D53665003BB7AC /* Sources */,
				173EEAB027D53665003BB7AC /* Frameworks */,
				173EEAB127D53665003BB7AC /* Resources */,
			);
			buildRules = (
			);
			dependencies = (
			);
			name = WhatsAppClone;
			productName = WhatsAppClone;
			productReference = 173EEAB327D53665003BB7AC /* WhatsAppClone.app */;
			productType = "com.apple.product-type.application";
		};
		173EEAC827D53666003BB7AC /* WhatsAppCloneTests */ = {
			isa = PBXNativeTarget;
			buildConfigurationList = 173EEAE027D53666003BB7AC /* Build configuration list for PBXNativeTarget "WhatsAppCloneTests" */;
			buildPhases = (
				173EEAC527D53666003BB7AC /* Sources */,
				173EEAC627D53666003BB7AC /* Frameworks */,
				173EEAC727D53666003BB7AC /* Resources */,
			);
			buildRules = (
			);
			dependencies = (
				173EEACB27D53666003BB7AC /* PBXTargetDependency */,
			);
			name = WhatsAppCloneTests;
			productName = WhatsAppCloneTests;
			productReference = 173EEAC927D53666003BB7AC /* WhatsAppCloneTests.xctest */;
			productType = "com.apple.product-type.bundle.unit-test";
		};
		173EEAD227D53666003BB7AC /* WhatsAppCloneUITests */ = {
			isa = PBXNativeTarget;
			buildConfigurationList = 173EEAE327D53666003BB7AC /* Build configuration list for PBXNativeTarget "WhatsAppCloneUITests" */;
			buildPhases = (
				173EEACF27D53666003BB7AC /* Sources */,
				173EEAD027D53666003BB7AC /* Frameworks */,
				173EEAD127D53666003BB7AC /* Resources */,
			);
			buildRules = (
			);
			dependencies = (
				173EEAD527D53666003BB7AC /* PBXTargetDependency */,
			);
			name = WhatsAppCloneUITests;
			productName = WhatsAppCloneUITests;
			productReference = 173EEAD327D53666003BB7AC /* WhatsAppCloneUITests.xctest */;
			productType = "com.apple.product-type.bundle.ui-testing";
		};
/* End PBXNativeTarget section */

/* Begin PBXProject section */
		173EEAAB27D53665003BB7AC /* Project object */ = {
			isa = PBXProject;
			attributes = {
				BuildIndependentTargetsInParallel = 1;
				LastSwiftUpdateCheck = 1320;
				LastUpgradeCheck = 1320;
				TargetAttributes = {
					173EEAB227D53665003BB7AC = {
						CreatedOnToolsVersion = 13.2.1;
					};
					173EEAC827D53666003BB7AC = {
						CreatedOnToolsVersion = 13.2.1;
						TestTargetID = 173EEAB227D53665003BB7AC;
					};
					173EEAD227D53666003BB7AC = {
						CreatedOnToolsVersion = 13.2.1;
						TestTargetID = 173EEAB227D53665003BB7AC;
					};
				};
			};
			buildConfigurationList = 173EEAAE27D53665003BB7AC /* Build configuration list for PBXProject "WhatsAppClone" */;
			compatibilityVersion = "Xcode 13.0";
			developmentRegion = en;
			hasScannedForEncodings = 0;
			knownRegions = (
				en,
				Base,
			);
			mainGroup = 173EEAAA27D53665003BB7AC;
			productRefGroup = 173EEAB427D53665003BB7AC /* Products */;
			projectDirPath = "";
			projectRoot = "";
			targets = (
				173EEAB227D53665003BB7AC /* WhatsAppClone */,
				173EEAC827D53666003BB7AC /* WhatsAppCloneTests */,
				173EEAD227D53666003BB7AC /* WhatsAppCloneUITests */,
			);
		};
/* End PBXProject section */

/* Begin PBXResourcesBuildPhase section */
		173EEAB127D53665003BB7AC /* Resources */ = {
			isa = PBXResourcesBuildPhase;
			buildActionMask = 2147483647;
			files = (
				173EEAC327D53666003BB7AC /* LaunchScreen.storyboard in Resources */,
				173EEAC027D53666003BB7AC /* Assets.xcassets in Resources */,
				173EEABE27D53665003BB7AC /* Main.storyboard in Resources */,
			);
			runOnlyForDeploymentPostprocessing = 0;
		};
		173EEAC727D53666003BB7AC /* Resources */ = {
			isa = PBXResourcesBuildPhase;
			buildActionMask = 2147483647;
			files = (
			);
			runOnlyForDeploymentPostprocessing = 0;
		};
		173EEAD127D53666003BB7AC /* Resources */ = {
			isa = PBXResourcesBuildPhase;
			buildActionMask = 2147483647;
			files = (
			);
			runOnlyForDeploymentPostprocessing = 0;
		};
/* End PBXResourcesBuildPhase section */

/* Begin PBXSourcesBuildPhase section */
		173EEAAF27D53665003BB7AC /* Sources */ = {
			isa = PBXSourcesBuildPhase;
			buildActionMask = 2147483647;
			files = (
				173EEABB27D53665003BB7AC /* ViewController.swift in Sources */,
				173EEAB727D53665003BB7AC /* AppDelegate.swift in Sources */,
				173EEAB927D53665003BB7AC /* SceneDelegate.swift in Sources */,
			);
			runOnlyForDeploymentPostprocessing = 0;
		};
		173EEAC527D53666003BB7AC /* Sources */ = {
			isa = PBXSourcesBuildPhase;
			buildActionMask = 2147483647;
			files = (
				173EEACE27D53666003BB7AC /* WhatsAppCloneTests.swift in Sources */,
			);
			runOnlyForDeploymentPostprocessing = 0;
		};
		173EEACF27D53666003BB7AC /* Sources */ = {
			isa = PBXSourcesBuildPhase;
			buildActionMask = 2147483647;
			files = (
				173EEADA27D53666003BB7AC /* WhatsAppCloneUITestsLaunchTests.swift in Sources */,
				173EEAD827D53666003BB7AC /* WhatsAppCloneUITests.swift in Sources */,
			);
			runOnlyForDeploymentPostprocessing = 0;
		};
/* End PBXSourcesBuildPhase section */

/* Begin PBXTargetDependency section */
		173EEACB27D53666003BB7AC /* PBXTargetDependency */ = {
			isa = PBXTargetDependency;
			target = 173EEAB227D53665003BB7AC /* WhatsAppClone */;
			targetProxy = 173EEACA27D53666003BB7AC /* PBXContainerItemProxy */;
		};
		173EEAD527D53666003BB7AC /* PBXTargetDependency */ = {
			isa = PBXTargetDependency;
			target = 173EEAB227D53665003BB7AC /* WhatsAppClone */;
			targetProxy = 173EEAD427D53666003BB7AC /* PBXContainerItemProxy */;
		};
/* End PBXTargetDependency section */

/* Begin PBXVariantGroup section */
		173EEABC27D53665003BB7AC /* Main.storyboard */ = {
			isa = PBXVariantGroup;
			children = (
				173EEABD27D53665003BB7AC /* Base */,
			);
			name = Main.storyboard;
			sourceTree = "<group>";
		};
		173EEAC127D53666003BB7AC /* LaunchScreen.storyboard */ = {
			isa = PBXVariantGroup;
			children = (
				173EEAC227D53666003BB7AC /* Base */,
			);
			name = LaunchScreen.storyboard;
			sourceTree = "<group>";
		};
/* End PBXVariantGroup section */

/* Begin XCBuildConfiguration section */
		173EEADB27D53666003BB7AC /* Debug */ = {
			isa = XCBuildConfiguration;
			buildSettings = {
				ALWAYS_SEARCH_USER_PATHS = NO;
				CLANG_ANALYZER_NONNULL = YES;
				CLANG_ANALYZER_NUMBER_OBJECT_CONVERSION = YES_AGGRESSIVE;
				CLANG_CXX_LANGUAGE_STANDARD = "gnu++17";
				CLANG_CXX_LIBRARY = "libc++";
				CLANG_ENABLE_MODULES = YES;
				CLANG_ENABLE_OBJC_ARC = YES;
				CLANG_ENABLE_OBJC_WEAK = YES;
				CLANG_WARN_BLOCK_CAPTURE_AUTORELEASING = YES;
				CLANG_WARN_BOOL_CONVERSION = YES;
				CLANG_WARN_COMMA = YES;
				CLANG_WARN_CONSTANT_CONVERSION = YES;
				CLANG_WARN_DEPRECATED_OBJC_IMPLEMENTATIONS = YES;
				CLANG_WARN_DIRECT_OBJC_ISA_USAGE = YES_ERROR;
				CLANG_WARN_DOCUMENTATION_COMMENTS = YES;
				CLANG_WARN_EMPTY_BODY = YES;
				CLANG_WARN_ENUM_CONVERSION = YES;
				CLANG_WARN_INFINITE_RECURSION = YES;
				CLANG_WARN_INT_CONVERSION = YES;
				CLANG_WARN_NON_LITERAL_NULL_CONVERSION = YES;
				CLANG_WARN_OBJC_IMPLICIT_RETAIN_SELF = YES;
				CLANG_WARN_OBJC_LITERAL_CONVERSION = YES;
				CLANG_WARN_OBJC_ROOT_CLASS = YES_ERROR;
				CLANG_WARN_QUOTED_INCLUDE_IN_FRAMEWORK_HEADER = YES;
				CLANG_WARN_RANGE_LOOP_ANALYSIS = YES;
				CLANG_WARN_STRICT_PROTOTYPES = YES;
				CLANG_WARN_SUSPICIOUS_MOVE = YES;
				CLANG_WARN_UNGUARDED_AVAILABILITY = YES_AGGRESSIVE;
				CLANG_WARN_UNREACHABLE_CODE = YES;
				CLANG_WARN__DUPLICATE_METHOD_MATCH = YES;
				COPY_PHASE_STRIP = NO;
				DEBUG_INFORMATION_FORMAT = dwarf;
				ENABLE_STRICT_OBJC_MSGSEND = YES;
				ENABLE_TESTABILITY = YES;
				GCC_C_LANGUAGE_STANDARD = gnu11;
				GCC_DYNAMIC_NO_PIC = NO;
				GCC_NO_COMMON_BLOCKS = YES;
				GCC_OPTIMIZATION_LEVEL = 0;
				GCC_PREPROCESSOR_DEFINITIONS = (
					"DEBUG=1",
					"$(inherited)",
				);
				GCC_WARN_64_TO_32_BIT_CONVERSION = YES;
				GCC_WARN_ABOUT_RETURN_TYPE = YES_ERROR;
				GCC_WARN_UNDECLARED_SELECTOR = YES;
				GCC_WARN_UNINITIALIZED_AUTOS = YES_AGGRESSIVE;
				GCC_WARN_UNUSED_FUNCTION = YES;
				GCC_WARN_UNUSED_VARIABLE = YES;
				IPHONEOS_DEPLOYMENT_TARGET = 15.2;
				MTL_ENABLE_DEBUG_INFO = INCLUDE_SOURCE;
				MTL_FAST_MATH = YES;
				ONLY_ACTIVE_ARCH = YES;
				SDKROOT = iphoneos;
				SWIFT_ACTIVE_COMPILATION_CONDITIONS = DEBUG;
				SWIFT_OPTIMIZATION_LEVEL = "-Onone";
			};
			name = Debug;
		};
		173EEADC27D53666003BB7AC /* Release */ = {
			isa = XCBuildConfiguration;
			buildSettings = {
				ALWAYS_SEARCH_USER_PATHS = NO;
				CLANG_ANALYZER_NONNULL = YES;
				CLANG_ANALYZER_NUMBER_OBJECT_CONVERSION = YES_AGGRESSIVE;
				CLANG_CXX_LANGUAGE_STANDARD = "gnu++17";
				CLANG_CXX_LIBRARY = "libc++";
				CLANG_ENABLE_MODULES = YES;
				CLANG_ENABLE_OBJC_ARC = YES;
				CLANG_ENABLE_OBJC_WEAK = YES;
				CLANG_WARN_BLOCK_CAPTURE_AUTORELEASING = YES;
				CLANG_WARN_BOOL_CONVERSION = YES;
				CLANG_WARN_COMMA = YES;
				CLANG_WARN_CONSTANT_CONVERSION = YES;
				CLANG_WARN_DEPRECATED_OBJC_IMPLEMENTATIONS = YES;
				CLANG_WARN_DIRECT_OBJC_ISA_USAGE = YES_ERROR;
				CLANG_WARN_DOCUMENTATION_COMMENTS = YES;
				CLANG_WARN_EMPTY_BODY = YES;
				CLANG_WARN_ENUM_CONVERSION = YES;
				CLANG_WARN_INFINITE_RECURSION = YES;
				CLANG_WARN_INT_CONVERSION = YES;
				CLANG_WARN_NON_LITERAL_NULL_CONVERSION = YES;
				CLANG_WARN_OBJC_IMPLICIT_RETAIN_SELF = YES;
				CLANG_WARN_OBJC_LITERAL_CONVERSION = YES;
				CLANG_WARN_OBJC_ROOT_CLASS = YES_ERROR;
				CLANG_WARN_QUOTED_INCLUDE_IN_FRAMEWORK_HEADER = YES;
				CLANG_WARN_RANGE_LOOP_ANALYSIS = YES;
				CLANG_WARN_STRICT_PROTOTYPES = YES;
				CLANG_WARN_SUSPICIOUS_MOVE = YES;
				CLANG_WARN_UNGUARDED_AVAILABILITY = YES_AGGRESSIVE;
				CLANG_WARN_UNREACHABLE_CODE = YES;
				CLANG_WARN__DUPLICATE_METHOD_MATCH = YES;
				COPY_PHASE_STRIP = NO;
				DEBUG_INFORMATION_FORMAT = "dwarf-with-dsym";
				ENABLE_NS_ASSERTIONS = NO;
				ENABLE_STRICT_OBJC_MSGSEND = YES;
				GCC_C_LANGUAGE_STANDARD = gnu11;
				GCC_NO_COMMON_BLOCKS = YES;
				GCC_WARN_64_TO_32_BIT_CONVERSION = YES;
				GCC_WARN_ABOUT_RETURN_TYPE = YES_ERROR;
				GCC_WARN_UNDECLARED_SELECTOR = YES;
				GCC_WARN_UNINITIALIZED_AUTOS = YES_AGGRESSIVE;
				GCC_WARN_UNUSED_FUNCTION = YES;
				GCC_WARN_UNUSED_VARIABLE = YES;
				IPHONEOS_DEPLOYMENT_TARGET = 15.2;
				MTL_ENABLE_DEBUG_INFO = NO;
				MTL_FAST_MATH = YES;
				SDKROOT = iphoneos;
				SWIFT_COMPILATION_MODE = wholemodule;
				SWIFT_OPTIMIZATION_LEVEL = "-O";
				VALIDATE_PRODUCT = YES;
			};
			name = Release;
		};
		173EEADE27D53666003BB7AC /* Debug */ = {
			isa = XCBuildConfiguration;
			buildSettings = {
				ASSETCATALOG_COMPILER_APPICON_NAME = AppIcon;
				ASSETCATALOG_COMPILER_GLOBAL_ACCENT_COLOR_NAME = AccentColor;
				CODE_SIGN_STYLE = Automatic;
				CURRENT_PROJECT_VERSION = 1;
				GENERATE_INFOPLIST_FILE = YES;
				INFOPLIST_FILE = WhatsAppClone/Info.plist;
				INFOPLIST_KEY_UIApplicationSupportsIndirectInputEvents = YES;
				INFOPLIST_KEY_UILaunchStoryboardName = LaunchScreen;
				INFOPLIST_KEY_UIMainStoryboardFile = Main;
				INFOPLIST_KEY_UISupportedInterfaceOrientations_iPad = "UIInterfaceOrientationPortrait UIInterfaceOrientationPortraitUpsideDown UIInterfaceOrientationLandscapeLeft UIInterfaceOrientationLandscapeRight";
				INFOPLIST_KEY_UISupportedInterfaceOrientations_iPhone = "UIInterfaceOrientationPortrait UIInterfaceOrientationLandscapeLeft UIInterfaceOrientationLandscapeRight";
				LD_RUNPATH_SEARCH_PATHS = (
					"$(inherited)",
					"@executable_path/Frameworks",
				);
				MARKETING_VERSION = 1.0;
				PRODUCT_BUNDLE_IDENTIFIER = com.napps.WhatsAppClone;
				PRODUCT_NAME = "$(TARGET_NAME)";
				SWIFT_EMIT_LOC_STRINGS = YES;
				SWIFT_VERSION = 5.0;
				TARGETED_DEVICE_FAMILY = "1,2";
			};
			name = Debug;
		};
		173EEADF27D53666003BB7AC /* Release */ = {
			isa = XCBuildConfiguration;
			buildSettings = {
				ASSETCATALOG_COMPILER_APPICON_NAME = AppIcon;
				ASSETCATALOG_COMPILER_GLOBAL_ACCENT_COLOR_NAME = AccentColor;
				CODE_SIGN_STYLE = Automatic;
				CURRENT_PROJECT_VERSION = 1;
				GENERATE_INFOPLIST_FILE = YES;
				INFOPLIST_FILE = WhatsAppClone/Info.plist;
				INFOPLIST_KEY_UIApplicationSupportsIndirectInputEvents = YES;
				INFOPLIST_KEY_UILaunchStoryboardName = LaunchScreen;
				INFOPLIST_KEY_UIMainStoryboardFile = Main;
				INFOPLIST_KEY_UISupportedInterfaceOrientations_iPad = "UIInterfaceOrientationPortrait UIInterfaceOrientationPortraitUpsideDown UIInterfaceOrientationLandscapeLeft UIInterfaceOrientationLandscapeRight";
				INFOPLIST_KEY_UISupportedInterfaceOrientations_iPhone = "UIInterfaceOrientationPortrait UIInterfaceOrientationLandscapeLeft UIInterfaceOrientationLandscapeRight";
				LD_RUNPATH_SEARCH_PATHS = (
					"$(inherited)",
					"@executable_path/Frameworks",
				);
				MARKETING_VERSION = 1.0;
				PRODUCT_BUNDLE_IDENTIFIER = com.napps.WhatsAppClone;
				PRODUCT_NAME = "$(TARGET_NAME)";
				SWIFT_EMIT_LOC_STRINGS = YES;
				SWIFT_VERSION = 5.0;
				TARGETED_DEVICE_FAMILY = "1,2";
			};
			name = Release;
		};
		173EEAE127D53666003BB7AC /* Debug */ = {
			isa = XCBuildConfiguration;
			buildSettings = {
				ALWAYS_EMBED_SWIFT_STANDARD_LIBRARIES = YES;
				BUNDLE_LOADER = "$(TEST_HOST)";
				CODE_SIGN_STYLE = Automatic;
				CURRENT_PROJECT_VERSION = 1;
				GENERATE_INFOPLIST_FILE = YES;
				IPHONEOS_DEPLOYMENT_TARGET = 15.2;
				MARKETING_VERSION = 1.0;
				PRODUCT_BUNDLE_IDENTIFIER = com.napps.WhatsAppCloneTests;
				PRODUCT_NAME = "$(TARGET_NAME)";
				SWIFT_EMIT_LOC_STRINGS = NO;
				SWIFT_VERSION = 5.0;
				TARGETED_DEVICE_FAMILY = "1,2";
				TEST_HOST = "$(BUILT_PRODUCTS_DIR)/WhatsAppClone.app/WhatsAppClone";
			};
			name = Debug;
		};
		173EEAE227D53666003BB7AC /* Release */ = {
			isa = XCBuildConfiguration;
			buildSettings = {
				ALWAYS_EMBED_SWIFT_STANDARD_LIBRARIES = YES;
				BUNDLE_LOADER = "$(TEST_HOST)";
				CODE_SIGN_STYLE = Automatic;
				CURRENT_PROJECT_VERSION = 1;
				GENERATE_INFOPLIST_FILE = YES;
				IPHONEOS_DEPLOYMENT_TARGET = 15.2;
				MARKETING_VERSION = 1.0;
				PRODUCT_BUNDLE_IDENTIFIER = com.napps.WhatsAppCloneTests;
				PRODUCT_NAME = "$(TARGET_NAME)";
				SWIFT_EMIT_LOC_STRINGS = NO;
				SWIFT_VERSION = 5.0;
				TARGETED_DEVICE_FAMILY = "1,2";
				TEST_HOST = "$(BUILT_PRODUCTS_DIR)/WhatsAppClone.app/WhatsAppClone";
			};
			name = Release;
		};
		173EEAE427D53666003BB7AC /* Debug */ = {
			isa = XCBuildConfiguration;
			buildSettings = {
				ALWAYS_EMBED_SWIFT_STANDARD_LIBRARIES = YES;
				CODE_SIGN_STYLE = Automatic;
				CURRENT_PROJECT_VERSION = 1;
				GENERATE_INFOPLIST_FILE = YES;
				MARKETING_VERSION = 1.0;
				PRODUCT_BUNDLE_IDENTIFIER = com.napps.WhatsAppCloneUITests;
				PRODUCT_NAME = "$(TARGET_NAME)";
				SWIFT_EMIT_LOC_STRINGS = NO;
				SWIFT_VERSION = 5.0;
				TARGETED_DEVICE_FAMILY = "1,2";
				TEST_TARGET_NAME = WhatsAppClone;
			};
			name = Debug;
		};
		173EEAE527D53666003BB7AC /* Release */ = {
			isa = XCBuildConfiguration;
			buildSettings = {
				ALWAYS_EMBED_SWIFT_STANDARD_LIBRARIES = YES;
				CODE_SIGN_STYLE = Automatic;
				CURRENT_PROJECT_VERSION = 1;
				GENERATE_INFOPLIST_FILE = YES;
				MARKETING_VERSION = 1.0;
				PRODUCT_BUNDLE_IDENTIFIER = com.napps.WhatsAppCloneUITests;
				PRODUCT_NAME = "$(TARGET_NAME)";
				SWIFT_EMIT_LOC_STRINGS = NO;
				SWIFT_VERSION = 5.0;
				TARGETED_DEVICE_FAMILY = "1,2";
				TEST_TARGET_NAME = WhatsAppClone;
			};
			name = Release;
		};
/* End XCBuildConfiguration section */

/* Begin XCConfigurationList section */
		173EEAAE27D53665003BB7AC /* Build configuration list for PBXProject "WhatsAppClone" */ = {
			isa = XCConfigurationList;
			buildConfigurations = (
				173EEADB27D53666003BB7AC /* Debug */,
				173EEADC27D53666003BB7AC /* Release */,
			);
			defaultConfigurationIsVisible = 0;
			defaultConfigurationName = Release;
		};
		173EEADD27D53666003BB7AC /* Build configuration list for PBXNativeTarget "WhatsAppClone" */ = {
			isa = XCConfigurationList;
			buildConfigurations = (
				173EEADE27D53666003BB7AC /* Debug */,
				173EEADF27D53666003BB7AC /* Release */,
			);
			defaultConfigurationIsVisible = 0;
			defaultConfigurationName = Release;
		};
		173EEAE027D53666003BB7AC /* Build configuration list for PBXNativeTarget "WhatsAppCloneTests" */ = {
			isa = XCConfigurationList;
			buildConfigurations = (
				173EEAE127D53666003BB7AC /* Debug */,
				173EEAE227D53666003BB7AC /* Release */,
			);
			defaultConfigurationIsVisible = 0;
			defaultConfigurationName = Release;
		};
		173EEAE327D53666003BB7AC /* Build configuration list for PBXNativeTarget "WhatsAppCloneUITests" */ = {
			isa = XCConfigurationList;
			buildConfigurations = (
				173EEAE427D53666003BB7AC /* Debug */,
				173EEAE527D53666003BB7AC /* Release */,
			);
			defaultConfigurationIsVisible = 0;
			defaultConfigurationName = Release;
		};
/* End XCConfigurationList section */
	};
	rootObject = 173EEAAB27D53665003BB7AC /* Project object */;
}
